// !$*UTF8*$!
{
	archiveVersion = 1;
	classes = {
	};
	objectVersion = 56;
	objects = {

/* Begin PBXBuildFile section */
		2889488F319D4CE8620757DF /* Pods_HiIOSTmpl.framework in Frameworks */ = {isa = PBXBuildFile; fileRef = 879D7164A037C7A30F2B2781 /* Pods_HiIOSTmpl.framework */; };
		91651BC22B08848800EE9693 /* AppDelegate.swift in Sources */ = {isa = PBXBuildFile; fileRef = 91651BC12B08848800EE9693 /* AppDelegate.swift */; };
		91651BC42B08848800EE9693 /* SceneDelegate.swift in Sources */ = {isa = PBXBuildFile; fileRef = 91651BC32B08848800EE9693 /* SceneDelegate.swift */; };
		91651BCB2B08848900EE9693 /* Assets.xcassets in Resources */ = {isa = PBXBuildFile; fileRef = 91651BCA2B08848900EE9693 /* Assets.xcassets */; };
		91651BCE2B08848900EE9693 /* LaunchScreen.storyboard in Resources */ = {isa = PBXBuildFile; fileRef = 91651BCC2B08848900EE9693 /* LaunchScreen.storyboard */; };
		91C670D42B088E9500A94647 /* Localizable.strings in Resources */ = {isa = PBXBuildFile; fileRef = 91C670D32B088E9500A94647 /* Localizable.strings */; };
		91C670D62B088EF200A94647 /* R.generated.swift in Sources */ = {isa = PBXBuildFile; fileRef = 91C670D52B088EF200A94647 /* R.generated.swift */; };
/* End PBXBuildFile section */

/* Begin PBXFileReference section */
		70FA76C49292867FFFF17292 /* Pods-HiIOSTmpl.release.xcconfig */ = {isa = PBXFileReference; includeInIndex = 1; lastKnownFileType = text.xcconfig; name = "Pods-HiIOSTmpl.release.xcconfig"; path = "Target Support Files/Pods-HiIOSTmpl/Pods-HiIOSTmpl.release.xcconfig"; sourceTree = "<group>"; };
		879D7164A037C7A30F2B2781 /* Pods_HiIOSTmpl.framework */ = {isa = PBXFileReference; explicitFileType = wrapper.framework; includeInIndex = 0; path = Pods_HiIOSTmpl.framework; sourceTree = BUILT_PRODUCTS_DIR; };
		91651BBE2B08848800EE9693 /* HiIOSTmpl.app */ = {isa = PBXFileReference; explicitFileType = wrapper.application; includeInIndex = 0; path = HiIOSTmpl.app; sourceTree = BUILT_PRODUCTS_DIR; };
		91651BC12B08848800EE9693 /* AppDelegate.swift */ = {isa = PBXFileReference; lastKnownFileType = sourcecode.swift; path = AppDelegate.swift; sourceTree = "<group>"; };
		91651BC32B08848800EE9693 /* SceneDelegate.swift */ = {isa = PBXFileReference; lastKnownFileType = sourcecode.swift; path = SceneDelegate.swift; sourceTree = "<group>"; };
		91651BCA2B08848900EE9693 /* Assets.xcassets */ = {isa = PBXFileReference; lastKnownFileType = folder.assetcatalog; path = Assets.xcassets; sourceTree = "<group>"; };
		91651BCD2B08848900EE9693 /* Base */ = {isa = PBXFileReference; lastKnownFileType = file.storyboard; name = Base; path = Base.lproj/LaunchScreen.storyboard; sourceTree = "<group>"; };
		91651BCF2B08848900EE9693 /* Info.plist */ = {isa = PBXFileReference; lastKnownFileType = text.plist.xml; path = Info.plist; sourceTree = "<group>"; };
		91C670CD2B088B7300A94647 /* .swiftlint.yml */ = {isa = PBXFileReference; lastKnownFileType = text.yaml; path = .swiftlint.yml; sourceTree = SOURCE_ROOT; };
		91C670CE2B088BBC00A94647 /* OC-Bridging-Header.h */ = {isa = PBXFileReference; lastKnownFileType = sourcecode.c.h; path = "OC-Bridging-Header.h"; sourceTree = "<group>"; };
		91C670CF2B088BDA00A94647 /* readme.txt */ = {isa = PBXFileReference; lastKnownFileType = text; path = readme.txt; sourceTree = "<group>"; };
		91C670D02B088C2500A94647 /* HiIOSTmpl.entitlements */ = {isa = PBXFileReference; lastKnownFileType = text.plist.entitlements; path = HiIOSTmpl.entitlements; sourceTree = "<group>"; };
		91C670D32B088E9500A94647 /* Localizable.strings */ = {isa = PBXFileReference; lastKnownFileType = text.plist.strings; path = Localizable.strings; sourceTree = "<group>"; };
		91C670D52B088EF200A94647 /* R.generated.swift */ = {isa = PBXFileReference; fileEncoding = 4; lastKnownFileType = sourcecode.swift; path = R.generated.swift; sourceTree = "<group>"; };
		E18D92FD4CEB3167C64AF811 /* Pods-HiIOSTmpl.debug.xcconfig */ = {isa = PBXFileReference; includeInIndex = 1; lastKnownFileType = text.xcconfig; name = "Pods-HiIOSTmpl.debug.xcconfig"; path = "Target Support Files/Pods-HiIOSTmpl/Pods-HiIOSTmpl.debug.xcconfig"; sourceTree = "<group>"; };
/* End PBXFileReference section */

/* Begin PBXFrameworksBuildPhase section */
		91651BBB2B08848800EE9693 /* Frameworks */ = {
			isa = PBXFrameworksBuildPhase;
			buildActionMask = 2147483647;
			files = (
				2889488F319D4CE8620757DF /* Pods_HiIOSTmpl.framework in Frameworks */,
			);
			runOnlyForDeploymentPostprocessing = 0;
		};
/* End PBXFrameworksBuildPhase section */

/* Begin PBXGroup section */
		1F86FDC3867061B9817CC19A /* Frameworks */ = {
			isa = PBXGroup;
			children = (
				879D7164A037C7A30F2B2781 /* Pods_HiIOSTmpl.framework */,
			);
			name = Frameworks;
			sourceTree = "<group>";
		};
		33CDF458E4D7B6F87871AA6C /* Pods */ = {
			isa = PBXGroup;
			children = (
				E18D92FD4CEB3167C64AF811 /* Pods-HiIOSTmpl.debug.xcconfig */,
				70FA76C49292867FFFF17292 /* Pods-HiIOSTmpl.release.xcconfig */,
			);
			path = Pods;
			sourceTree = "<group>";
		};
		91651BB52B08848800EE9693 = {
			isa = PBXGroup;
			children = (
				91651BC02B08848800EE9693 /* HiIOSTmpl */,
				91651BBF2B08848800EE9693 /* Products */,
				33CDF458E4D7B6F87871AA6C /* Pods */,
				1F86FDC3867061B9817CC19A /* Frameworks */,
			);
			sourceTree = "<group>";
		};
		91651BBF2B08848800EE9693 /* Products */ = {
			isa = PBXGroup;
			children = (
				91651BBE2B08848800EE9693 /* HiIOSTmpl.app */,
			);
			name = Products;
			sourceTree = "<group>";
		};
		91651BC02B08848800EE9693 /* HiIOSTmpl */ = {
			isa = PBXGroup;
			children = (
				91C670CC2B088ABB00A94647 /* Core */,
			);
			path = HiIOSTmpl;
			sourceTree = "<group>";
		};
		91C670CC2B088ABB00A94647 /* Core */ = {
			isa = PBXGroup;
			children = (
				91C670D52B088EF200A94647 /* R.generated.swift */,
				91C670D02B088C2500A94647 /* HiIOSTmpl.entitlements */,
				91C670CD2B088B7300A94647 /* .swiftlint.yml */,
				91651BC12B08848800EE9693 /* AppDelegate.swift */,
				91651BC32B08848800EE9693 /* SceneDelegate.swift */,
				91651BCA2B08848900EE9693 /* Assets.xcassets */,
				91651BCC2B08848900EE9693 /* LaunchScreen.storyboard */,
				91651BCF2B08848900EE9693 /* Info.plist */,
				91C670CE2B088BBC00A94647 /* OC-Bridging-Header.h */,
				91C670CF2B088BDA00A94647 /* readme.txt */,
				91C670D32B088E9500A94647 /* Localizable.strings */,
			);
			name = Core;
			sourceTree = "<group>";
		};
/* End PBXGroup section */

/* Begin PBXNativeTarget section */
		91651BBD2B08848800EE9693 /* HiIOSTmpl */ = {
			isa = PBXNativeTarget;
			buildConfigurationList = 91651BD22B08848900EE9693 /* Build configuration list for PBXNativeTarget "HiIOSTmpl" */;
			buildPhases = (
				3C1D84F21CD5625061D3519C /* [CP] Check Pods Manifest.lock */,
				91C670D12B088E0900A94647 /* SwiftLint */,
				91C670D22B088E2C00A94647 /* R.swift */,
				91651BBA2B08848800EE9693 /* Sources */,
				91651BBB2B08848800EE9693 /* Frameworks */,
				91651BBC2B08848800EE9693 /* Resources */,
				CFEEA6D99D2617173589D548 /* [CP] Embed Pods Frameworks */,
			);
			buildRules = (
			);
			dependencies = (
			);
			name = HiIOSTmpl;
			productName = HiIOSTmpl;
			productReference = 91651BBE2B08848800EE9693 /* HiIOSTmpl.app */;
			productType = "com.apple.product-type.application";
		};
/* End PBXNativeTarget section */

/* Begin PBXProject section */
		91651BB62B08848800EE9693 /* Project object */ = {
			isa = PBXProject;
			attributes = {
				BuildIndependentTargetsInParallel = 1;
				LastSwiftUpdateCheck = 1500;
				LastUpgradeCheck = 1500;
				TargetAttributes = {
					91651BBD2B08848800EE9693 = {
						CreatedOnToolsVersion = 15.0.1;
					};
				};
			};
			buildConfigurationList = 91651BB92B08848800EE9693 /* Build configuration list for PBXProject "HiIOSTmpl" */;
			compatibilityVersion = "Xcode 14.0";
			developmentRegion = en;
			hasScannedForEncodings = 0;
			knownRegions = (
				en,
				Base,
			);
			mainGroup = 91651BB52B08848800EE9693;
			productRefGroup = 91651BBF2B08848800EE9693 /* Products */;
			projectDirPath = "";
			projectRoot = "";
			targets = (
				91651BBD2B08848800EE9693 /* HiIOSTmpl */,
			);
		};
/* End PBXProject section */

/* Begin PBXResourcesBuildPhase section */
		91651BBC2B08848800EE9693 /* Resources */ = {
			isa = PBXResourcesBuildPhase;
			buildActionMask = 2147483647;
			files = (
				91651BCE2B08848900EE9693 /* LaunchScreen.storyboard in Resources */,
				91C670D42B088E9500A94647 /* Localizable.strings in Resources */,
				91651BCB2B08848900EE9693 /* Assets.xcassets in Resources */,
			);
			runOnlyForDeploymentPostprocessing = 0;
		};
/* End PBXResourcesBuildPhase section */

/* Begin PBXShellScriptBuildPhase section */
		3C1D84F21CD5625061D3519C /* [CP] Check Pods Manifest.lock */ = {
			isa = PBXShellScriptBuildPhase;
			buildActionMask = 2147483647;
			files = (
			);
			inputFileListPaths = (
			);
			inputPaths = (
				"${PODS_PODFILE_DIR_PATH}/Podfile.lock",
				"${PODS_ROOT}/Manifest.lock",
			);
			name = "[CP] Check Pods Manifest.lock";
			outputFileListPaths = (
			);
			outputPaths = (
				"$(DERIVED_FILE_DIR)/Pods-HiIOSTmpl-checkManifestLockResult.txt",
			);
			runOnlyForDeploymentPostprocessing = 0;
			shellPath = /bin/sh;
			shellScript = "diff \"${PODS_PODFILE_DIR_PATH}/Podfile.lock\" \"${PODS_ROOT}/Manifest.lock\" > /dev/null\nif [ $? != 0 ] ; then\n    # print error to STDERR\n    echo \"error: The sandbox is not in sync with the Podfile.lock. Run 'pod install' or update your CocoaPods installation.\" >&2\n    exit 1\nfi\n# This output is used by Xcode 'outputs' to avoid re-running this script phase.\necho \"SUCCESS\" > \"${SCRIPT_OUTPUT_FILE_0}\"\n";
			showEnvVarsInLog = 0;
		};
		91C670D12B088E0900A94647 /* SwiftLint */ = {
			isa = PBXShellScriptBuildPhase;
			buildActionMask = 2147483647;
			files = (
			);
			inputFileListPaths = (
			);
			inputPaths = (
			);
			name = SwiftLint;
			outputFileListPaths = (
			);
			outputPaths = (
			);
			runOnlyForDeploymentPostprocessing = 0;
			shellPath = /bin/sh;
			shellScript = "${PODS_ROOT}/SwiftLint/swiftlint\n";
		};
		91C670D22B088E2C00A94647 /* R.swift */ = {
			isa = PBXShellScriptBuildPhase;
			alwaysOutOfDate = 1;
			buildActionMask = 2147483647;
			files = (
			);
			inputFileListPaths = (
			);
			inputPaths = (
			);
			name = R.swift;
			outputFileListPaths = (
			);
			outputPaths = (
				$SRCROOT/HiIOSTmpl/R.generated.swift,
			);
			runOnlyForDeploymentPostprocessing = 0;
			shellPath = /bin/sh;
			shellScript = "\"$PODS_ROOT/R.swift/rswift\" generate \"$SRCROOT/HiIOSTmpl/R.generated.swift\"\n";
		};
		CFEEA6D99D2617173589D548 /* [CP] Embed Pods Frameworks */ = {
			isa = PBXShellScriptBuildPhase;
			buildActionMask = 2147483647;
			files = (
			);
			inputFileListPaths = (
				"${PODS_ROOT}/Target Support Files/Pods-HiIOSTmpl/Pods-HiIOSTmpl-frameworks-${CONFIGURATION}-input-files.xcfilelist",
			);
			name = "[CP] Embed Pods Frameworks";
			outputFileListPaths = (
				"${PODS_ROOT}/Target Support Files/Pods-HiIOSTmpl/Pods-HiIOSTmpl-frameworks-${CONFIGURATION}-output-files.xcfilelist",
			);
			runOnlyForDeploymentPostprocessing = 0;
			shellPath = /bin/sh;
			shellScript = "\"${PODS_ROOT}/Target Support Files/Pods-HiIOSTmpl/Pods-HiIOSTmpl-frameworks.sh\"\n";
			showEnvVarsInLog = 0;
		};
/* End PBXShellScriptBuildPhase section */

/* Begin PBXSourcesBuildPhase section */
		91651BBA2B08848800EE9693 /* Sources */ = {
			isa = PBXSourcesBuildPhase;
			buildActionMask = 2147483647;
			files = (
				91651BC22B08848800EE9693 /* AppDelegate.swift in Sources */,
				91651BC42B08848800EE9693 /* SceneDelegate.swift in Sources */,
				91C670D62B088EF200A94647 /* R.generated.swift in Sources */,
			);
			runOnlyForDeploymentPostprocessing = 0;
		};
/* End PBXSourcesBuildPhase section */

/* Begin PBXVariantGroup section */
		91651BCC2B08848900EE9693 /* LaunchScreen.storyboard */ = {
			isa = PBXVariantGroup;
			children = (
				91651BCD2B08848900EE9693 /* Base */,
			);
			name = LaunchScreen.storyboard;
			sourceTree = "<group>";
		};
/* End PBXVariantGroup section */

/* Begin XCBuildConfiguration section */
		91651BD02B08848900EE9693 /* Debug */ = {
			isa = XCBuildConfiguration;
			buildSettings = {
				ALWAYS_SEARCH_USER_PATHS = NO;
				ASSETCATALOG_COMPILER_GENERATE_SWIFT_ASSET_SYMBOL_EXTENSIONS = YES;
				CLANG_ANALYZER_NONNULL = YES;
				CLANG_ANALYZER_NUMBER_OBJECT_CONVERSION = YES_AGGRESSIVE;
				CLANG_CXX_LANGUAGE_STANDARD = "gnu++20";
				CLANG_ENABLE_MODULES = YES;
				CLANG_ENABLE_OBJC_ARC = YES;
				CLANG_ENABLE_OBJC_WEAK = YES;
				CLANG_WARN_BLOCK_CAPTURE_AUTORELEASING = YES;
				CLANG_WARN_BOOL_CONVERSION = YES;
				CLANG_WARN_COMMA = YES;
				CLANG_WARN_CONSTANT_CONVERSION = YES;
				CLANG_WARN_DEPRECATED_OBJC_IMPLEMENTATIONS = YES;
				CLANG_WARN_DIRECT_OBJC_ISA_USAGE = YES_ERROR;
				CLANG_WARN_DOCUMENTATION_COMMENTS = YES;
				CLANG_WARN_EMPTY_BODY = YES;
				CLANG_WARN_ENUM_CONVERSION = YES;
				CLANG_WARN_INFINITE_RECURSION = YES;
				CLANG_WARN_INT_CONVERSION = YES;
				CLANG_WARN_NON_LITERAL_NULL_CONVERSION = YES;
				CLANG_WARN_OBJC_IMPLICIT_RETAIN_SELF = YES;
				CLANG_WARN_OBJC_LITERAL_CONVERSION = YES;
				CLANG_WARN_OBJC_ROOT_CLASS = YES_ERROR;
				CLANG_WARN_QUOTED_INCLUDE_IN_FRAMEWORK_HEADER = YES;
				CLANG_WARN_RANGE_LOOP_ANALYSIS = YES;
				CLANG_WARN_STRICT_PROTOTYPES = YES;
				CLANG_WARN_SUSPICIOUS_MOVE = YES;
				CLANG_WARN_UNGUARDED_AVAILABILITY = YES_AGGRESSIVE;
				CLANG_WARN_UNREACHABLE_CODE = YES;
				CLANG_WARN__DUPLICATE_METHOD_MATCH = YES;
				COPY_PHASE_STRIP = NO;
				DEBUG_INFORMATION_FORMAT = dwarf;
				ENABLE_STRICT_OBJC_MSGSEND = YES;
				ENABLE_TESTABILITY = YES;
				ENABLE_USER_SCRIPT_SANDBOXING = YES;
				GCC_C_LANGUAGE_STANDARD = gnu17;
				GCC_DYNAMIC_NO_PIC = NO;
				GCC_NO_COMMON_BLOCKS = YES;
				GCC_OPTIMIZATION_LEVEL = 0;
				GCC_PREPROCESSOR_DEFINITIONS = (
					"DEBUG=1",
					"$(inherited)",
				);
				GCC_WARN_64_TO_32_BIT_CONVERSION = YES;
				GCC_WARN_ABOUT_RETURN_TYPE = YES_ERROR;
				GCC_WARN_UNDECLARED_SELECTOR = YES;
				GCC_WARN_UNINITIALIZED_AUTOS = YES_AGGRESSIVE;
				GCC_WARN_UNUSED_FUNCTION = YES;
				GCC_WARN_UNUSED_VARIABLE = YES;
				IPHONEOS_DEPLOYMENT_TARGET = 17.0;
				LOCALIZATION_PREFERS_STRING_CATALOGS = YES;
				MTL_ENABLE_DEBUG_INFO = INCLUDE_SOURCE;
				MTL_FAST_MATH = YES;
				ONLY_ACTIVE_ARCH = YES;
				SDKROOT = iphoneos;
				SWIFT_ACTIVE_COMPILATION_CONDITIONS = "DEBUG $(inherited)";
				SWIFT_OPTIMIZATION_LEVEL = "-Onone";
			};
			name = Debug;
		};
		91651BD12B08848900EE9693 /* Release */ = {
			isa = XCBuildConfiguration;
			buildSettings = {
				ALWAYS_SEARCH_USER_PATHS = NO;
				ASSETCATALOG_COMPILER_GENERATE_SWIFT_ASSET_SYMBOL_EXTENSIONS = YES;
				CLANG_ANALYZER_NONNULL = YES;
				CLANG_ANALYZER_NUMBER_OBJECT_CONVERSION = YES_AGGRESSIVE;
				CLANG_CXX_LANGUAGE_STANDARD = "gnu++20";
				CLANG_ENABLE_MODULES = YES;
				CLANG_ENABLE_OBJC_ARC = YES;
				CLANG_ENABLE_OBJC_WEAK = YES;
				CLANG_WARN_BLOCK_CAPTURE_AUTORELEASING = YES;
				CLANG_WARN_BOOL_CONVERSION = YES;
				CLANG_WARN_COMMA = YES;
				CLANG_WARN_CONSTANT_CONVERSION = YES;
				CLANG_WARN_DEPRECATED_OBJC_IMPLEMENTATIONS = YES;
				CLANG_WARN_DIRECT_OBJC_ISA_USAGE = YES_ERROR;
				CLANG_WARN_DOCUMENTATION_COMMENTS = YES;
				CLANG_WARN_EMPTY_BODY = YES;
				CLANG_WARN_ENUM_CONVERSION = YES;
				CLANG_WARN_INFINITE_RECURSION = YES;
				CLANG_WARN_INT_CONVERSION = YES;
				CLANG_WARN_NON_LITERAL_NULL_CONVERSION = YES;
				CLANG_WARN_OBJC_IMPLICIT_RETAIN_SELF = YES;
				CLANG_WARN_OBJC_LITERAL_CONVERSION = YES;
				CLANG_WARN_OBJC_ROOT_CLASS = YES_ERROR;
				CLANG_WARN_QUOTED_INCLUDE_IN_FRAMEWORK_HEADER = YES;
				CLANG_WARN_RANGE_LOOP_ANALYSIS = YES;
				CLANG_WARN_STRICT_PROTOTYPES = YES;
				CLANG_WARN_SUSPICIOUS_MOVE = YES;
				CLANG_WARN_UNGUARDED_AVAILABILITY = YES_AGGRESSIVE;
				CLANG_WARN_UNREACHABLE_CODE = YES;
				CLANG_WARN__DUPLICATE_METHOD_MATCH = YES;
				COPY_PHASE_STRIP = NO;
				DEBUG_INFORMATION_FORMAT = "dwarf-with-dsym";
				ENABLE_NS_ASSERTIONS = NO;
				ENABLE_STRICT_OBJC_MSGSEND = YES;
				ENABLE_USER_SCRIPT_SANDBOXING = YES;
				GCC_C_LANGUAGE_STANDARD = gnu17;
				GCC_NO_COMMON_BLOCKS = YES;
				GCC_WARN_64_TO_32_BIT_CONVERSION = YES;
				GCC_WARN_ABOUT_RETURN_TYPE = YES_ERROR;
				GCC_WARN_UNDECLARED_SELECTOR = YES;
				GCC_WARN_UNINITIALIZED_AUTOS = YES_AGGRESSIVE;
				GCC_WARN_UNUSED_FUNCTION = YES;
				GCC_WARN_UNUSED_VARIABLE = YES;
				IPHONEOS_DEPLOYMENT_TARGET = 17.0;
				LOCALIZATION_PREFERS_STRING_CATALOGS = YES;
				MTL_ENABLE_DEBUG_INFO = NO;
				MTL_FAST_MATH = YES;
				SDKROOT = iphoneos;
				SWIFT_COMPILATION_MODE = wholemodule;
				VALIDATE_PRODUCT = YES;
			};
			name = Release;
		};
		91651BD32B08848900EE9693 /* Debug */ = {
			isa = XCBuildConfiguration;
			baseConfigurationReference = E18D92FD4CEB3167C64AF811 /* Pods-HiIOSTmpl.debug.xcconfig */;
			buildSettings = {
				ASSETCATALOG_COMPILER_APPICON_NAME = AppIcon;
				ASSETCATALOG_COMPILER_GLOBAL_ACCENT_COLOR_NAME = AccentColor;
				CODE_SIGN_ENTITLEMENTS = HiIOSTmpl/HiIOSTmpl.entitlements;
				CODE_SIGN_STYLE = Automatic;
				CURRENT_PROJECT_VERSION = 1;
				DEVELOPMENT_TEAM = WDE622528T;
				ENABLE_USER_SCRIPT_SANDBOXING = NO;
				GENERATE_INFOPLIST_FILE = YES;
				INFOPLIST_FILE = HiIOSTmpl/Info.plist;
				INFOPLIST_KEY_UIApplicationSupportsIndirectInputEvents = YES;
				INFOPLIST_KEY_UILaunchStoryboardName = LaunchScreen;
				INFOPLIST_KEY_UIMainStoryboardFile = Main;
				INFOPLIST_KEY_UIStatusBarStyle = "";
				INFOPLIST_KEY_UISupportedInterfaceOrientations_iPad = "UIInterfaceOrientationPortrait UIInterfaceOrientationPortraitUpsideDown UIInterfaceOrientationLandscapeLeft UIInterfaceOrientationLandscapeRight";
				INFOPLIST_KEY_UISupportedInterfaceOrientations_iPhone = "UIInterfaceOrientationPortrait UIInterfaceOrientationLandscapeLeft UIInterfaceOrientationLandscapeRight";
				IPHONEOS_DEPLOYMENT_TARGET = 13.0;
				LD_RUNPATH_SEARCH_PATHS = (
					"$(inherited)",
					"@executable_path/Frameworks",
				);
				MARKETING_VERSION = 1.0;
				PRODUCT_BUNDLE_IDENTIFIER = com.tospery.hiiostmpl;
				PRODUCT_NAME = "$(TARGET_NAME)";
				SWIFT_EMIT_LOC_STRINGS = YES;
				SWIFT_VERSION = 5.0;
				TARGETED_DEVICE_FAMILY = "1,2";
			};
			name = Debug;
		};
		91651BD42B08848900EE9693 /* Release */ = {
			isa = XCBuildConfiguration;
			baseConfigurationReference = 70FA76C49292867FFFF17292 /* Pods-HiIOSTmpl.release.xcconfig */;
			buildSettings = {
				ASSETCATALOG_COMPILER_APPICON_NAME = AppIcon;
				ASSETCATALOG_COMPILER_GLOBAL_ACCENT_COLOR_NAME = AccentColor;
				CODE_SIGN_ENTITLEMENTS = HiIOSTmpl/HiIOSTmpl.entitlements;
				CODE_SIGN_STYLE = Automatic;
				CURRENT_PROJECT_VERSION = 1;
				DEVELOPMENT_TEAM = WDE622528T;
				ENABLE_USER_SCRIPT_SANDBOXING = NO;
				GENERATE_INFOPLIST_FILE = YES;
				INFOPLIST_FILE = HiIOSTmpl/Info.plist;
				INFOPLIST_KEY_UIApplicationSupportsIndirectInputEvents = YES;
				INFOPLIST_KEY_UILaunchStoryboardName = LaunchScreen;
				INFOPLIST_KEY_UIMainStoryboardFile = Main;
				INFOPLIST_KEY_UIStatusBarStyle = "";
				INFOPLIST_KEY_UISupportedInterfaceOrientations_iPad = "UIInterfaceOrientationPortrait UIInterfaceOrientationPortraitUpsideDown UIInterfaceOrientationLandscapeLeft UIInterfaceOrientationLandscapeRight";
				INFOPLIST_KEY_UISupportedInterfaceOrientations_iPhone = "UIInterfaceOrientationPortrait UIInterfaceOrientationLandscapeLeft UIInterfaceOrientationLandscapeRight";
				IPHONEOS_DEPLOYMENT_TARGET = 13.0;
				LD_RUNPATH_SEARCH_PATHS = (
					"$(inherited)",
					"@executable_path/Frameworks",
				);
				MARKETING_VERSION = 1.0;
				PRODUCT_BUNDLE_IDENTIFIER = com.tospery.hiiostmpl;
				PRODUCT_NAME = "$(TARGET_NAME)";
				SWIFT_EMIT_LOC_STRINGS = YES;
				SWIFT_VERSION = 5.0;
				TARGETED_DEVICE_FAMILY = "1,2";
			};
			name = Release;
		};
/* End XCBuildConfiguration section */

/* Begin XCConfigurationList section */
		91651BB92B08848800EE9693 /* Build configuration list for PBXProject "HiIOSTmpl" */ = {
			isa = XCConfigurationList;
			buildConfigurations = (
				91651BD02B08848900EE9693 /* Debug */,
				91651BD12B08848900EE9693 /* Release */,
			);
			defaultConfigurationIsVisible = 0;
			defaultConfigurationName = Release;
		};
		91651BD22B08848900EE9693 /* Build configuration list for PBXNativeTarget "HiIOSTmpl" */ = {
			isa = XCConfigurationList;
			buildConfigurations = (
				91651BD32B08848900EE9693 /* Debug */,
				91651BD42B08848900EE9693 /* Release */,
			);
			defaultConfigurationIsVisible = 0;
			defaultConfigurationName = Release;
		};
/* End XCConfigurationList section */
	};
	rootObject = 91651BB62B08848800EE9693 /* Project object */;
}
