// !$*UTF8*$!
{
	archiveVersion = 1;
	classes = {
	};
	objectVersion = 56;
	objects = {

/* Begin PBXBuildFile section */
		46DA501ADC2D0EFA95F955EA /* Pods_HiIOSTmpl.framework in Frameworks */ = {isa = PBXBuildFile; fileRef = 53BF07CDD30A8C3C2C6733AE /* Pods_HiIOSTmpl.framework */; };
		910AF2762B0F10B60044111C /* AppDelegate.swift in Sources */ = {isa = PBXBuildFile; fileRef = 910AF2752B0F10B60044111C /* AppDelegate.swift */; };
		910AF2782B0F10B60044111C /* SceneDelegate.swift in Sources */ = {isa = PBXBuildFile; fileRef = 910AF2772B0F10B60044111C /* SceneDelegate.swift */; };
		910AF27F2B0F10B70044111C /* Assets.xcassets in Resources */ = {isa = PBXBuildFile; fileRef = 910AF27E2B0F10B70044111C /* Assets.xcassets */; };
		910AF2822B0F10B70044111C /* LaunchScreen.storyboard in Resources */ = {isa = PBXBuildFile; fileRef = 910AF2802B0F10B70044111C /* LaunchScreen.storyboard */; };
		911040F32B11A39A00AF07A3 /* AppDependency.swift in Sources */ = {isa = PBXBuildFile; fileRef = 911040F22B11A39A00AF07A3 /* AppDependency.swift */; };
		913904612B1D772B00F947E0 /* Parameter+Ex.swift in Sources */ = {isa = PBXBuildFile; fileRef = 913904602B1D772B00F947E0 /* Parameter+Ex.swift */; };
		913904632B1D776100F947E0 /* UIApplication+Ex.swift in Sources */ = {isa = PBXBuildFile; fileRef = 913904622B1D776100F947E0 /* UIApplication+Ex.swift */; };
		913904672B1D77AF00F947E0 /* User.swift in Sources */ = {isa = PBXBuildFile; fileRef = 913904662B1D77AF00F947E0 /* User.swift */; };
		913904692B1D784200F947E0 /* DataType.swift in Sources */ = {isa = PBXBuildFile; fileRef = 913904682B1D784200F947E0 /* DataType.swift */; };
		9139046B2B1D787300F947E0 /* Configuration.swift in Sources */ = {isa = PBXBuildFile; fileRef = 9139046A2B1D787300F947E0 /* Configuration.swift */; };
		9139046D2B1D78CA00F947E0 /* Theme.swift in Sources */ = {isa = PBXBuildFile; fileRef = 9139046C2B1D78CA00F947E0 /* Theme.swift */; };
		914346E52B26B398002199D0 /* ButtonItem.swift in Sources */ = {isa = PBXBuildFile; fileRef = 914346E42B26B398002199D0 /* ButtonItem.swift */; };
		914346E72B26B3A3002199D0 /* ButtonCell.swift in Sources */ = {isa = PBXBuildFile; fileRef = 914346E62B26B3A3002199D0 /* ButtonCell.swift */; };
		914346E92B26B3E9002199D0 /* ImageViewItem.swift in Sources */ = {isa = PBXBuildFile; fileRef = 914346E82B26B3E9002199D0 /* ImageViewItem.swift */; };
		914346EB2B26B3EF002199D0 /* ImageViewCell.swift in Sources */ = {isa = PBXBuildFile; fileRef = 914346EA2B26B3EF002199D0 /* ImageViewCell.swift */; };
		914346ED2B26B47B002199D0 /* TextViewItem.swift in Sources */ = {isa = PBXBuildFile; fileRef = 914346EC2B26B47B002199D0 /* TextViewItem.swift */; };
		914346EF2B26B484002199D0 /* TextViewCell.swift in Sources */ = {isa = PBXBuildFile; fileRef = 914346EE2B26B484002199D0 /* TextViewCell.swift */; };
		914346F12B26B4AE002199D0 /* TextFieldItem.swift in Sources */ = {isa = PBXBuildFile; fileRef = 914346F02B26B4AE002199D0 /* TextFieldItem.swift */; };
		914346F32B26B4B6002199D0 /* TextFieldCell.swift in Sources */ = {isa = PBXBuildFile; fileRef = 914346F22B26B4B6002199D0 /* TextFieldCell.swift */; };
		914B99872B2830FE0084E311 /* TrendingViewReactor.swift in Sources */ = {isa = PBXBuildFile; fileRef = 914B99862B2830FE0084E311 /* TrendingViewReactor.swift */; };
		914B99892B28310A0084E311 /* TrendingViewController.swift in Sources */ = {isa = PBXBuildFile; fileRef = 914B99882B28310A0084E311 /* TrendingViewController.swift */; };
		914B998B2B2834050084E311 /* NavigationBarPagingViewController.swift in Sources */ = {isa = PBXBuildFile; fileRef = 914B998A2B2834050084E311 /* NavigationBarPagingViewController.swift */; };
		914B998D2B2834230084E311 /* NavigationBarPagingView.swift in Sources */ = {isa = PBXBuildFile; fileRef = 914B998C2B2834230084E311 /* NavigationBarPagingView.swift */; };
		914B99912B2834620084E311 /* PagingViewController+Rx.swift in Sources */ = {isa = PBXBuildFile; fileRef = 914B99902B2834620084E311 /* PagingViewController+Rx.swift */; };
		91560F272B27636E0008540E /* ScrollViewController+Rx.swift in Sources */ = {isa = PBXBuildFile; fileRef = 91560F262B27636E0008540E /* ScrollViewController+Rx.swift */; };
		91560F2A2B2764090008540E /* PersonalParallaxView.swift in Sources */ = {isa = PBXBuildFile; fileRef = 91560F292B2764090008540E /* PersonalParallaxView.swift */; };
		91560F2E2B276AFE0008540E /* PersonalViewReactor.swift in Sources */ = {isa = PBXBuildFile; fileRef = 91560F2D2B276AFE0008540E /* PersonalViewReactor.swift */; };
		91560F302B276B090008540E /* PersonalViewController.swift in Sources */ = {isa = PBXBuildFile; fileRef = 91560F2F2B276B090008540E /* PersonalViewController.swift */; };
		91560F322B276B4F0008540E /* EventViewReactor.swift in Sources */ = {isa = PBXBuildFile; fileRef = 91560F312B276B4F0008540E /* EventViewReactor.swift */; };
		91560F342B276B5A0008540E /* EventViewController.swift in Sources */ = {isa = PBXBuildFile; fileRef = 91560F332B276B5A0008540E /* EventViewController.swift */; };
		91560F362B276B680008540E /* FavoriteViewReactor.swift in Sources */ = {isa = PBXBuildFile; fileRef = 91560F352B276B680008540E /* FavoriteViewReactor.swift */; };
		91560F382B276B730008540E /* FavoriteViewController.swift in Sources */ = {isa = PBXBuildFile; fileRef = 91560F372B276B730008540E /* FavoriteViewController.swift */; };
		9160C63D2B278D7400271081 /* Configuration.json in Resources */ = {isa = PBXBuildFile; fileRef = 9160C63C2B278D7400271081 /* Configuration.json */; };
		9160C63F2B2792A100271081 /* EventList#1.json in Resources */ = {isa = PBXBuildFile; fileRef = 9160C63E2B2792A100271081 /* EventList#1.json */; };
		9160C6412B2793FB00271081 /* EventItem.swift in Sources */ = {isa = PBXBuildFile; fileRef = 9160C6402B2793FB00271081 /* EventItem.swift */; };
		9160C6432B27940300271081 /* EventCell.swift in Sources */ = {isa = PBXBuildFile; fileRef = 9160C6422B27940300271081 /* EventCell.swift */; };
		9160C6452B27993D00271081 /* Appearance+Ex.swift in Sources */ = {isa = PBXBuildFile; fileRef = 9160C6442B27993D00271081 /* Appearance+Ex.swift */; };
		9160C6472B27995600271081 /* BaseResponse+Ex.swift in Sources */ = {isa = PBXBuildFile; fileRef = 9160C6462B27995600271081 /* BaseResponse+Ex.swift */; };
		9160C6492B2799A500271081 /* Library+Ex.swift in Sources */ = {isa = PBXBuildFile; fileRef = 9160C6482B2799A500271081 /* Library+Ex.swift */; };
		9160C64B2B2799F600271081 /* List+Ex.swift in Sources */ = {isa = PBXBuildFile; fileRef = 9160C64A2B2799F600271081 /* List+Ex.swift */; };
		9160C64D2B279A2A00271081 /* Logger+Ex.swift in Sources */ = {isa = PBXBuildFile; fileRef = 9160C64C2B279A2A00271081 /* Logger+Ex.swift */; };
		9160C64F2B279A3D00271081 /* Runtime+Ex.swift in Sources */ = {isa = PBXBuildFile; fileRef = 9160C64E2B279A3D00271081 /* Runtime+Ex.swift */; };
		9160C6512B279A5700271081 /* ScrollViewController+Ex.swift in Sources */ = {isa = PBXBuildFile; fileRef = 9160C6502B279A5700271081 /* ScrollViewController+Ex.swift */; };
		9160C6532B279AA900271081 /* Storable+Ex.swift in Sources */ = {isa = PBXBuildFile; fileRef = 9160C6522B279AA900271081 /* Storable+Ex.swift */; };
		9160C6552B279ACD00271081 /* BaseViewController+Ex.swift in Sources */ = {isa = PBXBuildFile; fileRef = 9160C6542B279ACD00271081 /* BaseViewController+Ex.swift */; };
		9160C6572B279D5300271081 /* BaseUser.swift in Sources */ = {isa = PBXBuildFile; fileRef = 9160C6562B279D5300271081 /* BaseUser.swift */; };
		9160C6592B279D6000271081 /* BaseRepo.swift in Sources */ = {isa = PBXBuildFile; fileRef = 9160C6582B279D6000271081 /* BaseRepo.swift */; };
		9160C65B2B279E0000271081 /* UserList#trendingUsers.json in Resources */ = {isa = PBXBuildFile; fileRef = 9160C65A2B279E0000271081 /* UserList#trendingUsers.json */; };
		9160C65D2B279E0A00271081 /* RepoList#trendingRepos.json in Resources */ = {isa = PBXBuildFile; fileRef = 9160C65C2B279E0A00271081 /* RepoList#trendingRepos.json */; };
		919CDED42B28BA19001C359B /* RepoItem.swift in Sources */ = {isa = PBXBuildFile; fileRef = 919CDED32B28BA19001C359B /* RepoItem.swift */; };
		919CDED62B28BA25001C359B /* RepoCell.swift in Sources */ = {isa = PBXBuildFile; fileRef = 919CDED52B28BA25001C359B /* RepoCell.swift */; };
		919CDED82B28BA5F001C359B /* Repo+Ex.swift in Sources */ = {isa = PBXBuildFile; fileRef = 919CDED72B28BA5F001C359B /* Repo+Ex.swift */; };
		919CDEDA2B28BEA7001C359B /* UserItem.swift in Sources */ = {isa = PBXBuildFile; fileRef = 919CDED92B28BEA7001C359B /* UserItem.swift */; };
		919CDEDC2B28BEAF001C359B /* UserCell.swift in Sources */ = {isa = PBXBuildFile; fileRef = 919CDEDB2B28BEAF001C359B /* UserCell.swift */; };
		919CDEDE2B28BEDB001C359B /* User+Ex.swift in Sources */ = {isa = PBXBuildFile; fileRef = 919CDEDD2B28BEDB001C359B /* User+Ex.swift */; };
		91A9314E2B28295E00814EB8 /* Repo.swift in Sources */ = {isa = PBXBuildFile; fileRef = 91A9314D2B28295E00814EB8 /* Repo.swift */; };
		91A931502B282A1A00814EB8 /* UserListViewReactor.swift in Sources */ = {isa = PBXBuildFile; fileRef = 91A9314F2B282A1A00814EB8 /* UserListViewReactor.swift */; };
		91A931522B282A6200814EB8 /* UserListViewController.swift in Sources */ = {isa = PBXBuildFile; fileRef = 91A931512B282A6200814EB8 /* UserListViewController.swift */; };
		91A931542B282A9100814EB8 /* RepoListViewReactor.swift in Sources */ = {isa = PBXBuildFile; fileRef = 91A931532B282A9100814EB8 /* RepoListViewReactor.swift */; };
		91A931562B282AB200814EB8 /* RepoListViewController.swift in Sources */ = {isa = PBXBuildFile; fileRef = 91A931552B282AB200814EB8 /* RepoListViewController.swift */; };
		91A931582B282B1100814EB8 /* TrendingAPI.swift in Sources */ = {isa = PBXBuildFile; fileRef = 91A931572B282B1100814EB8 /* TrendingAPI.swift */; };
		91A9315A2B282B6A00814EB8 /* ProviderType+TrendingAPI.swift in Sources */ = {isa = PBXBuildFile; fileRef = 91A931592B282B6A00814EB8 /* ProviderType+TrendingAPI.swift */; };
		91A9315C2B282C6C00814EB8 /* UIViewController+Ex.swift in Sources */ = {isa = PBXBuildFile; fileRef = 91A9315B2B282C6C00814EB8 /* UIViewController+Ex.swift */; };
		91AC6E772B260337003B728F /* ListViewReactor.swift in Sources */ = {isa = PBXBuildFile; fileRef = 91AC6E762B260337003B728F /* ListViewReactor.swift */; };
		91AC6E792B260343003B728F /* ListViewController.swift in Sources */ = {isa = PBXBuildFile; fileRef = 91AC6E782B260343003B728F /* ListViewController.swift */; };
		91AC6E7C2B260462003B728F /* SectionItemElement.swift in Sources */ = {isa = PBXBuildFile; fileRef = 91AC6E7B2B260462003B728F /* SectionItemElement.swift */; };
		91AC6E7E2B2604A5003B728F /* SectionItem.swift in Sources */ = {isa = PBXBuildFile; fileRef = 91AC6E7D2B2604A5003B728F /* SectionItem.swift */; };
		91AC6E802B2604B4003B728F /* Section.swift in Sources */ = {isa = PBXBuildFile; fileRef = 91AC6E7F2B2604B4003B728F /* Section.swift */; };
		91AC6E842B260594003B728F /* AppInfoItem.swift in Sources */ = {isa = PBXBuildFile; fileRef = 91AC6E832B260594003B728F /* AppInfoItem.swift */; };
		91AC6E862B2605A8003B728F /* AppInfoCell.swift in Sources */ = {isa = PBXBuildFile; fileRef = 91AC6E852B2605A8003B728F /* AppInfoCell.swift */; };
		91AC6E882B2605F5003B728F /* LabelItem.swift in Sources */ = {isa = PBXBuildFile; fileRef = 91AC6E872B2605F5003B728F /* LabelItem.swift */; };
		91AC6E8A2B2605FD003B728F /* LabelCell.swift in Sources */ = {isa = PBXBuildFile; fileRef = 91AC6E892B2605FD003B728F /* LabelCell.swift */; };
		91D20B052B276E3900EF878D /* TabBarReactor.swift in Sources */ = {isa = PBXBuildFile; fileRef = 91D20B042B276E3900EF878D /* TabBarReactor.swift */; };
		91D20B072B276E4300EF878D /* TabBarController.swift in Sources */ = {isa = PBXBuildFile; fileRef = 91D20B062B276E4300EF878D /* TabBarController.swift */; };
		91D20B0C2B276F4900EF878D /* QMUIConfigurationTemplate.m in Sources */ = {isa = PBXBuildFile; fileRef = 91D20B0A2B276F4900EF878D /* QMUIConfigurationTemplate.m */; };
		91D20B112B276FBF00EF878D /* OCHelper.m in Sources */ = {isa = PBXBuildFile; fileRef = 91D20B102B276FBF00EF878D /* OCHelper.m */; };
		91D20B142B2770DA00EF878D /* WebViewReactor.swift in Sources */ = {isa = PBXBuildFile; fileRef = 91D20B132B2770DA00EF878D /* WebViewReactor.swift */; };
		91D20B162B2770E400EF878D /* WebViewController.swift in Sources */ = {isa = PBXBuildFile; fileRef = 91D20B152B2770E400EF878D /* WebViewController.swift */; };
		91D20B192B27715000EF878D /* Router+Dialog.swift in Sources */ = {isa = PBXBuildFile; fileRef = 91D20B182B27715000EF878D /* Router+Dialog.swift */; };
		91D20B1B2B27715A00EF878D /* Router+Dialog+Alert.swift in Sources */ = {isa = PBXBuildFile; fileRef = 91D20B1A2B27715A00EF878D /* Router+Dialog+Alert.swift */; };
		91D20B1D2B27716500EF878D /* Router+Dialog+Popup.swift in Sources */ = {isa = PBXBuildFile; fileRef = 91D20B1C2B27716500EF878D /* Router+Dialog+Popup.swift */; };
		91D20B1F2B27717000EF878D /* Router+Dialog+Sheet.swift in Sources */ = {isa = PBXBuildFile; fileRef = 91D20B1E2B27717000EF878D /* Router+Dialog+Sheet.swift */; };
		91D20B212B27717A00EF878D /* Router+Dialog+Toast.swift in Sources */ = {isa = PBXBuildFile; fileRef = 91D20B202B27717A00EF878D /* Router+Dialog+Toast.swift */; };
		91D20B232B27718500EF878D /* Router+Ex.swift in Sources */ = {isa = PBXBuildFile; fileRef = 91D20B222B27718500EF878D /* Router+Ex.swift */; };
		91D20B252B27719300EF878D /* Router+Page.swift in Sources */ = {isa = PBXBuildFile; fileRef = 91D20B242B27719300EF878D /* Router+Page.swift */; };
		91D20B272B27719D00EF878D /* Router+Web.swift in Sources */ = {isa = PBXBuildFile; fileRef = 91D20B262B27719D00EF878D /* Router+Web.swift */; };
		91D20B292B2771F200EF878D /* LoginViewReactor.swift in Sources */ = {isa = PBXBuildFile; fileRef = 91D20B282B2771F200EF878D /* LoginViewReactor.swift */; };
		91D20B2B2B2771FD00EF878D /* LoginViewController.swift in Sources */ = {isa = PBXBuildFile; fileRef = 91D20B2A2B2771FD00EF878D /* LoginViewController.swift */; };
		91D20B2E2B27743E00EF878D /* GithubBaseAPI.swift in Sources */ = {isa = PBXBuildFile; fileRef = 91D20B2D2B27743E00EF878D /* GithubBaseAPI.swift */; };
		91D20B322B27745700EF878D /* Networking.swift in Sources */ = {isa = PBXBuildFile; fileRef = 91D20B312B27745700EF878D /* Networking.swift */; };
		91D20B342B27746300EF878D /* ProviderType+GithubBaseAPI.swift in Sources */ = {isa = PBXBuildFile; fileRef = 91D20B332B27746300EF878D /* ProviderType+GithubBaseAPI.swift */; };
		91D20B382B27747800EF878D /* ProviderType+DynamicAPI.swift in Sources */ = {isa = PBXBuildFile; fileRef = 91D20B372B27747800EF878D /* ProviderType+DynamicAPI.swift */; };
		91D20B3A2B2774C400EF878D /* Dynamically.swift in Sources */ = {isa = PBXBuildFile; fileRef = 91D20B392B2774C400EF878D /* Dynamically.swift */; };
		91D20B3C2B2774CE00EF878D /* DynamicAPI.swift in Sources */ = {isa = PBXBuildFile; fileRef = 91D20B3B2B2774CE00EF878D /* DynamicAPI.swift */; };
		91D20B3E2B27767900EF878D /* Event.swift in Sources */ = {isa = PBXBuildFile; fileRef = 91D20B3D2B27767900EF878D /* Event.swift */; };
		91E679E22B0F2FFD00D4C4CA /* Localizable.strings in Resources */ = {isa = PBXBuildFile; fileRef = 91E679E12B0F2FFD00D4C4CA /* Localizable.strings */; };
		91E679E62B0F308F00D4C4CA /* R.generated.swift in Sources */ = {isa = PBXBuildFile; fileRef = 91E679E52B0F308F00D4C4CA /* R.generated.swift */; };
		91F8C1002B141BF1005CAB09 /* Constant.swift in Sources */ = {isa = PBXBuildFile; fileRef = 91F8C0FF2B141BF1005CAB09 /* Constant.swift */; };
		91F8C1022B141C37005CAB09 /* Function.swift in Sources */ = {isa = PBXBuildFile; fileRef = 91F8C1012B141C37005CAB09 /* Function.swift */; };
/* End PBXBuildFile section */

/* Begin PBXFileReference section */
		53BF07CDD30A8C3C2C6733AE /* Pods_HiIOSTmpl.framework */ = {isa = PBXFileReference; explicitFileType = wrapper.framework; includeInIndex = 0; path = Pods_HiIOSTmpl.framework; sourceTree = BUILT_PRODUCTS_DIR; };
		6E89BFF99422B6DEF98DB20E /* Pods-HiIOSTmpl.release.xcconfig */ = {isa = PBXFileReference; includeInIndex = 1; lastKnownFileType = text.xcconfig; name = "Pods-HiIOSTmpl.release.xcconfig"; path = "Target Support Files/Pods-HiIOSTmpl/Pods-HiIOSTmpl.release.xcconfig"; sourceTree = "<group>"; };
		910AF2722B0F10B60044111C /* HiIOSTmpl.app */ = {isa = PBXFileReference; explicitFileType = wrapper.application; includeInIndex = 0; path = HiIOSTmpl.app; sourceTree = BUILT_PRODUCTS_DIR; };
		910AF2752B0F10B60044111C /* AppDelegate.swift */ = {isa = PBXFileReference; lastKnownFileType = sourcecode.swift; path = AppDelegate.swift; sourceTree = "<group>"; };
		910AF2772B0F10B60044111C /* SceneDelegate.swift */ = {isa = PBXFileReference; lastKnownFileType = sourcecode.swift; path = SceneDelegate.swift; sourceTree = "<group>"; };
		910AF27E2B0F10B70044111C /* Assets.xcassets */ = {isa = PBXFileReference; lastKnownFileType = folder.assetcatalog; path = Assets.xcassets; sourceTree = "<group>"; };
		910AF2812B0F10B70044111C /* Base */ = {isa = PBXFileReference; lastKnownFileType = file.storyboard; name = Base; path = Base.lproj/LaunchScreen.storyboard; sourceTree = "<group>"; };
		910AF2832B0F10B70044111C /* Info.plist */ = {isa = PBXFileReference; lastKnownFileType = text.plist.xml; path = Info.plist; sourceTree = "<group>"; };
		911040F22B11A39A00AF07A3 /* AppDependency.swift */ = {isa = PBXFileReference; lastKnownFileType = sourcecode.swift; path = AppDependency.swift; sourceTree = "<group>"; };
		911041702B11A6E400AF07A3 /* .swiftlint.yml */ = {isa = PBXFileReference; lastKnownFileType = text.yaml; path = .swiftlint.yml; sourceTree = SOURCE_ROOT; };
		913904602B1D772B00F947E0 /* Parameter+Ex.swift */ = {isa = PBXFileReference; lastKnownFileType = sourcecode.swift; path = "Parameter+Ex.swift"; sourceTree = "<group>"; };
		913904622B1D776100F947E0 /* UIApplication+Ex.swift */ = {isa = PBXFileReference; lastKnownFileType = sourcecode.swift; path = "UIApplication+Ex.swift"; sourceTree = "<group>"; };
		913904662B1D77AF00F947E0 /* User.swift */ = {isa = PBXFileReference; lastKnownFileType = sourcecode.swift; path = User.swift; sourceTree = "<group>"; };
		913904682B1D784200F947E0 /* DataType.swift */ = {isa = PBXFileReference; lastKnownFileType = sourcecode.swift; path = DataType.swift; sourceTree = "<group>"; };
		9139046A2B1D787300F947E0 /* Configuration.swift */ = {isa = PBXFileReference; lastKnownFileType = sourcecode.swift; path = Configuration.swift; sourceTree = "<group>"; };
		9139046C2B1D78CA00F947E0 /* Theme.swift */ = {isa = PBXFileReference; lastKnownFileType = sourcecode.swift; path = Theme.swift; sourceTree = "<group>"; };
		914346E42B26B398002199D0 /* ButtonItem.swift */ = {isa = PBXFileReference; lastKnownFileType = sourcecode.swift; path = ButtonItem.swift; sourceTree = "<group>"; };
		914346E62B26B3A3002199D0 /* ButtonCell.swift */ = {isa = PBXFileReference; lastKnownFileType = sourcecode.swift; path = ButtonCell.swift; sourceTree = "<group>"; };
		914346E82B26B3E9002199D0 /* ImageViewItem.swift */ = {isa = PBXFileReference; lastKnownFileType = sourcecode.swift; path = ImageViewItem.swift; sourceTree = "<group>"; };
		914346EA2B26B3EF002199D0 /* ImageViewCell.swift */ = {isa = PBXFileReference; lastKnownFileType = sourcecode.swift; path = ImageViewCell.swift; sourceTree = "<group>"; };
		914346EC2B26B47B002199D0 /* TextViewItem.swift */ = {isa = PBXFileReference; lastKnownFileType = sourcecode.swift; path = TextViewItem.swift; sourceTree = "<group>"; };
		914346EE2B26B484002199D0 /* TextViewCell.swift */ = {isa = PBXFileReference; lastKnownFileType = sourcecode.swift; path = TextViewCell.swift; sourceTree = "<group>"; };
		914346F02B26B4AE002199D0 /* TextFieldItem.swift */ = {isa = PBXFileReference; lastKnownFileType = sourcecode.swift; path = TextFieldItem.swift; sourceTree = "<group>"; };
		914346F22B26B4B6002199D0 /* TextFieldCell.swift */ = {isa = PBXFileReference; lastKnownFileType = sourcecode.swift; path = TextFieldCell.swift; sourceTree = "<group>"; };
		914B99862B2830FE0084E311 /* TrendingViewReactor.swift */ = {isa = PBXFileReference; lastKnownFileType = sourcecode.swift; path = TrendingViewReactor.swift; sourceTree = "<group>"; };
		914B99882B28310A0084E311 /* TrendingViewController.swift */ = {isa = PBXFileReference; lastKnownFileType = sourcecode.swift; path = TrendingViewController.swift; sourceTree = "<group>"; };
		914B998A2B2834050084E311 /* NavigationBarPagingViewController.swift */ = {isa = PBXFileReference; lastKnownFileType = sourcecode.swift; path = NavigationBarPagingViewController.swift; sourceTree = "<group>"; };
		914B998C2B2834230084E311 /* NavigationBarPagingView.swift */ = {isa = PBXFileReference; lastKnownFileType = sourcecode.swift; path = NavigationBarPagingView.swift; sourceTree = "<group>"; };
		914B99902B2834620084E311 /* PagingViewController+Rx.swift */ = {isa = PBXFileReference; lastKnownFileType = sourcecode.swift; path = "PagingViewController+Rx.swift"; sourceTree = "<group>"; };
		91560F262B27636E0008540E /* ScrollViewController+Rx.swift */ = {isa = PBXFileReference; lastKnownFileType = sourcecode.swift; path = "ScrollViewController+Rx.swift"; sourceTree = "<group>"; };
		91560F292B2764090008540E /* PersonalParallaxView.swift */ = {isa = PBXFileReference; lastKnownFileType = sourcecode.swift; path = PersonalParallaxView.swift; sourceTree = "<group>"; };
		91560F2D2B276AFE0008540E /* PersonalViewReactor.swift */ = {isa = PBXFileReference; lastKnownFileType = sourcecode.swift; path = PersonalViewReactor.swift; sourceTree = "<group>"; };
		91560F2F2B276B090008540E /* PersonalViewController.swift */ = {isa = PBXFileReference; lastKnownFileType = sourcecode.swift; path = PersonalViewController.swift; sourceTree = "<group>"; };
		91560F312B276B4F0008540E /* EventViewReactor.swift */ = {isa = PBXFileReference; lastKnownFileType = sourcecode.swift; path = EventViewReactor.swift; sourceTree = "<group>"; };
		91560F332B276B5A0008540E /* EventViewController.swift */ = {isa = PBXFileReference; lastKnownFileType = sourcecode.swift; path = EventViewController.swift; sourceTree = "<group>"; };
		91560F352B276B680008540E /* FavoriteViewReactor.swift */ = {isa = PBXFileReference; lastKnownFileType = sourcecode.swift; path = FavoriteViewReactor.swift; sourceTree = "<group>"; };
		91560F372B276B730008540E /* FavoriteViewController.swift */ = {isa = PBXFileReference; lastKnownFileType = sourcecode.swift; path = FavoriteViewController.swift; sourceTree = "<group>"; };
		9160C63C2B278D7400271081 /* Configuration.json */ = {isa = PBXFileReference; lastKnownFileType = text.json; path = Configuration.json; sourceTree = "<group>"; };
		9160C63E2B2792A100271081 /* EventList#1.json */ = {isa = PBXFileReference; lastKnownFileType = text.json; path = "EventList#1.json"; sourceTree = "<group>"; };
		9160C6402B2793FB00271081 /* EventItem.swift */ = {isa = PBXFileReference; lastKnownFileType = sourcecode.swift; path = EventItem.swift; sourceTree = "<group>"; };
		9160C6422B27940300271081 /* EventCell.swift */ = {isa = PBXFileReference; lastKnownFileType = sourcecode.swift; path = EventCell.swift; sourceTree = "<group>"; };
		9160C6442B27993D00271081 /* Appearance+Ex.swift */ = {isa = PBXFileReference; lastKnownFileType = sourcecode.swift; path = "Appearance+Ex.swift"; sourceTree = "<group>"; };
		9160C6462B27995600271081 /* BaseResponse+Ex.swift */ = {isa = PBXFileReference; lastKnownFileType = sourcecode.swift; path = "BaseResponse+Ex.swift"; sourceTree = "<group>"; };
		9160C6482B2799A500271081 /* Library+Ex.swift */ = {isa = PBXFileReference; lastKnownFileType = sourcecode.swift; path = "Library+Ex.swift"; sourceTree = "<group>"; };
		9160C64A2B2799F600271081 /* List+Ex.swift */ = {isa = PBXFileReference; lastKnownFileType = sourcecode.swift; path = "List+Ex.swift"; sourceTree = "<group>"; };
		9160C64C2B279A2A00271081 /* Logger+Ex.swift */ = {isa = PBXFileReference; lastKnownFileType = sourcecode.swift; path = "Logger+Ex.swift"; sourceTree = "<group>"; };
		9160C64E2B279A3D00271081 /* Runtime+Ex.swift */ = {isa = PBXFileReference; lastKnownFileType = sourcecode.swift; path = "Runtime+Ex.swift"; sourceTree = "<group>"; };
		9160C6502B279A5700271081 /* ScrollViewController+Ex.swift */ = {isa = PBXFileReference; lastKnownFileType = sourcecode.swift; path = "ScrollViewController+Ex.swift"; sourceTree = "<group>"; };
		9160C6522B279AA900271081 /* Storable+Ex.swift */ = {isa = PBXFileReference; lastKnownFileType = sourcecode.swift; path = "Storable+Ex.swift"; sourceTree = "<group>"; };
		9160C6542B279ACD00271081 /* BaseViewController+Ex.swift */ = {isa = PBXFileReference; lastKnownFileType = sourcecode.swift; path = "BaseViewController+Ex.swift"; sourceTree = "<group>"; };
		9160C6562B279D5300271081 /* BaseUser.swift */ = {isa = PBXFileReference; lastKnownFileType = sourcecode.swift; path = BaseUser.swift; sourceTree = "<group>"; };
		9160C6582B279D6000271081 /* BaseRepo.swift */ = {isa = PBXFileReference; lastKnownFileType = sourcecode.swift; path = BaseRepo.swift; sourceTree = "<group>"; };
		9160C65A2B279E0000271081 /* UserList#trendingUsers.json */ = {isa = PBXFileReference; lastKnownFileType = text.json; path = "UserList#trendingUsers.json"; sourceTree = "<group>"; };
		9160C65C2B279E0A00271081 /* RepoList#trendingRepos.json */ = {isa = PBXFileReference; lastKnownFileType = text.json; path = "RepoList#trendingRepos.json"; sourceTree = "<group>"; };
		9188AAA92B0F2B0200AF0DBD /* HiIOSTmpl.entitlements */ = {isa = PBXFileReference; lastKnownFileType = text.plist.entitlements; path = HiIOSTmpl.entitlements; sourceTree = "<group>"; };
		919CDED32B28BA19001C359B /* RepoItem.swift */ = {isa = PBXFileReference; lastKnownFileType = sourcecode.swift; path = RepoItem.swift; sourceTree = "<group>"; };
		919CDED52B28BA25001C359B /* RepoCell.swift */ = {isa = PBXFileReference; lastKnownFileType = sourcecode.swift; path = RepoCell.swift; sourceTree = "<group>"; };
		919CDED72B28BA5F001C359B /* Repo+Ex.swift */ = {isa = PBXFileReference; lastKnownFileType = sourcecode.swift; path = "Repo+Ex.swift"; sourceTree = "<group>"; };
		919CDED92B28BEA7001C359B /* UserItem.swift */ = {isa = PBXFileReference; lastKnownFileType = sourcecode.swift; path = UserItem.swift; sourceTree = "<group>"; };
		919CDEDB2B28BEAF001C359B /* UserCell.swift */ = {isa = PBXFileReference; lastKnownFileType = sourcecode.swift; path = UserCell.swift; sourceTree = "<group>"; };
		919CDEDD2B28BEDB001C359B /* User+Ex.swift */ = {isa = PBXFileReference; lastKnownFileType = sourcecode.swift; path = "User+Ex.swift"; sourceTree = "<group>"; };
		91A9314D2B28295E00814EB8 /* Repo.swift */ = {isa = PBXFileReference; lastKnownFileType = sourcecode.swift; path = Repo.swift; sourceTree = "<group>"; };
		91A9314F2B282A1A00814EB8 /* UserListViewReactor.swift */ = {isa = PBXFileReference; lastKnownFileType = sourcecode.swift; path = UserListViewReactor.swift; sourceTree = "<group>"; };
		91A931512B282A6200814EB8 /* UserListViewController.swift */ = {isa = PBXFileReference; lastKnownFileType = sourcecode.swift; path = UserListViewController.swift; sourceTree = "<group>"; };
		91A931532B282A9100814EB8 /* RepoListViewReactor.swift */ = {isa = PBXFileReference; lastKnownFileType = sourcecode.swift; path = RepoListViewReactor.swift; sourceTree = "<group>"; };
		91A931552B282AB200814EB8 /* RepoListViewController.swift */ = {isa = PBXFileReference; lastKnownFileType = sourcecode.swift; path = RepoListViewController.swift; sourceTree = "<group>"; };
		91A931572B282B1100814EB8 /* TrendingAPI.swift */ = {isa = PBXFileReference; lastKnownFileType = sourcecode.swift; path = TrendingAPI.swift; sourceTree = "<group>"; };
		91A931592B282B6A00814EB8 /* ProviderType+TrendingAPI.swift */ = {isa = PBXFileReference; lastKnownFileType = sourcecode.swift; path = "ProviderType+TrendingAPI.swift"; sourceTree = "<group>"; };
		91A9315B2B282C6C00814EB8 /* UIViewController+Ex.swift */ = {isa = PBXFileReference; lastKnownFileType = sourcecode.swift; path = "UIViewController+Ex.swift"; sourceTree = "<group>"; };
		91AC6E762B260337003B728F /* ListViewReactor.swift */ = {isa = PBXFileReference; lastKnownFileType = sourcecode.swift; path = ListViewReactor.swift; sourceTree = "<group>"; };
		91AC6E782B260343003B728F /* ListViewController.swift */ = {isa = PBXFileReference; lastKnownFileType = sourcecode.swift; path = ListViewController.swift; sourceTree = "<group>"; };
		91AC6E7B2B260462003B728F /* SectionItemElement.swift */ = {isa = PBXFileReference; lastKnownFileType = sourcecode.swift; path = SectionItemElement.swift; sourceTree = "<group>"; };
		91AC6E7D2B2604A5003B728F /* SectionItem.swift */ = {isa = PBXFileReference; lastKnownFileType = sourcecode.swift; path = SectionItem.swift; sourceTree = "<group>"; };
		91AC6E7F2B2604B4003B728F /* Section.swift */ = {isa = PBXFileReference; lastKnownFileType = sourcecode.swift; path = Section.swift; sourceTree = "<group>"; };
		91AC6E832B260594003B728F /* AppInfoItem.swift */ = {isa = PBXFileReference; lastKnownFileType = sourcecode.swift; path = AppInfoItem.swift; sourceTree = "<group>"; };
		91AC6E852B2605A8003B728F /* AppInfoCell.swift */ = {isa = PBXFileReference; lastKnownFileType = sourcecode.swift; path = AppInfoCell.swift; sourceTree = "<group>"; };
		91AC6E872B2605F5003B728F /* LabelItem.swift */ = {isa = PBXFileReference; lastKnownFileType = sourcecode.swift; path = LabelItem.swift; sourceTree = "<group>"; };
		91AC6E892B2605FD003B728F /* LabelCell.swift */ = {isa = PBXFileReference; lastKnownFileType = sourcecode.swift; path = LabelCell.swift; sourceTree = "<group>"; };
		91D20B042B276E3900EF878D /* TabBarReactor.swift */ = {isa = PBXFileReference; lastKnownFileType = sourcecode.swift; path = TabBarReactor.swift; sourceTree = "<group>"; };
		91D20B062B276E4300EF878D /* TabBarController.swift */ = {isa = PBXFileReference; lastKnownFileType = sourcecode.swift; path = TabBarController.swift; sourceTree = "<group>"; };
		91D20B0A2B276F4900EF878D /* QMUIConfigurationTemplate.m */ = {isa = PBXFileReference; fileEncoding = 4; lastKnownFileType = sourcecode.c.objc; path = QMUIConfigurationTemplate.m; sourceTree = "<group>"; };
		91D20B0B2B276F4900EF878D /* QMUIConfigurationTemplate.h */ = {isa = PBXFileReference; fileEncoding = 4; lastKnownFileType = sourcecode.c.h; path = QMUIConfigurationTemplate.h; sourceTree = "<group>"; };
		91D20B0F2B276FBF00EF878D /* OCHelper.h */ = {isa = PBXFileReference; lastKnownFileType = sourcecode.c.h; path = OCHelper.h; sourceTree = "<group>"; };
		91D20B102B276FBF00EF878D /* OCHelper.m */ = {isa = PBXFileReference; lastKnownFileType = sourcecode.c.objc; path = OCHelper.m; sourceTree = "<group>"; };
		91D20B132B2770DA00EF878D /* WebViewReactor.swift */ = {isa = PBXFileReference; lastKnownFileType = sourcecode.swift; path = WebViewReactor.swift; sourceTree = "<group>"; };
		91D20B152B2770E400EF878D /* WebViewController.swift */ = {isa = PBXFileReference; lastKnownFileType = sourcecode.swift; path = WebViewController.swift; sourceTree = "<group>"; };
		91D20B182B27715000EF878D /* Router+Dialog.swift */ = {isa = PBXFileReference; lastKnownFileType = sourcecode.swift; path = "Router+Dialog.swift"; sourceTree = "<group>"; };
		91D20B1A2B27715A00EF878D /* Router+Dialog+Alert.swift */ = {isa = PBXFileReference; lastKnownFileType = sourcecode.swift; path = "Router+Dialog+Alert.swift"; sourceTree = "<group>"; };
		91D20B1C2B27716500EF878D /* Router+Dialog+Popup.swift */ = {isa = PBXFileReference; lastKnownFileType = sourcecode.swift; path = "Router+Dialog+Popup.swift"; sourceTree = "<group>"; };
		91D20B1E2B27717000EF878D /* Router+Dialog+Sheet.swift */ = {isa = PBXFileReference; lastKnownFileType = sourcecode.swift; path = "Router+Dialog+Sheet.swift"; sourceTree = "<group>"; };
		91D20B202B27717A00EF878D /* Router+Dialog+Toast.swift */ = {isa = PBXFileReference; lastKnownFileType = sourcecode.swift; path = "Router+Dialog+Toast.swift"; sourceTree = "<group>"; };
		91D20B222B27718500EF878D /* Router+Ex.swift */ = {isa = PBXFileReference; lastKnownFileType = sourcecode.swift; path = "Router+Ex.swift"; sourceTree = "<group>"; };
		91D20B242B27719300EF878D /* Router+Page.swift */ = {isa = PBXFileReference; lastKnownFileType = sourcecode.swift; path = "Router+Page.swift"; sourceTree = "<group>"; };
		91D20B262B27719D00EF878D /* Router+Web.swift */ = {isa = PBXFileReference; lastKnownFileType = sourcecode.swift; path = "Router+Web.swift"; sourceTree = "<group>"; };
		91D20B282B2771F200EF878D /* LoginViewReactor.swift */ = {isa = PBXFileReference; lastKnownFileType = sourcecode.swift; path = LoginViewReactor.swift; sourceTree = "<group>"; };
		91D20B2A2B2771FD00EF878D /* LoginViewController.swift */ = {isa = PBXFileReference; lastKnownFileType = sourcecode.swift; path = LoginViewController.swift; sourceTree = "<group>"; };
		91D20B2D2B27743E00EF878D /* GithubBaseAPI.swift */ = {isa = PBXFileReference; lastKnownFileType = sourcecode.swift; path = GithubBaseAPI.swift; sourceTree = "<group>"; };
		91D20B312B27745700EF878D /* Networking.swift */ = {isa = PBXFileReference; lastKnownFileType = sourcecode.swift; path = Networking.swift; sourceTree = "<group>"; };
		91D20B332B27746300EF878D /* ProviderType+GithubBaseAPI.swift */ = {isa = PBXFileReference; lastKnownFileType = sourcecode.swift; path = "ProviderType+GithubBaseAPI.swift"; sourceTree = "<group>"; };
		91D20B372B27747800EF878D /* ProviderType+DynamicAPI.swift */ = {isa = PBXFileReference; lastKnownFileType = sourcecode.swift; path = "ProviderType+DynamicAPI.swift"; sourceTree = "<group>"; };
		91D20B392B2774C400EF878D /* Dynamically.swift */ = {isa = PBXFileReference; lastKnownFileType = sourcecode.swift; path = Dynamically.swift; sourceTree = "<group>"; };
		91D20B3B2B2774CE00EF878D /* DynamicAPI.swift */ = {isa = PBXFileReference; lastKnownFileType = sourcecode.swift; path = DynamicAPI.swift; sourceTree = "<group>"; };
		91D20B3D2B27767900EF878D /* Event.swift */ = {isa = PBXFileReference; lastKnownFileType = sourcecode.swift; path = Event.swift; sourceTree = "<group>"; };
		91D20B3F2B27898C00EF878D /* readme.txt */ = {isa = PBXFileReference; lastKnownFileType = text; path = readme.txt; sourceTree = "<group>"; };
		91E679E02B0F2FDE00D4C4CA /* OC-Bridging-Header.h */ = {isa = PBXFileReference; lastKnownFileType = sourcecode.c.h; path = "OC-Bridging-Header.h"; sourceTree = "<group>"; };
		91E679E12B0F2FFD00D4C4CA /* Localizable.strings */ = {isa = PBXFileReference; lastKnownFileType = text.plist.strings; path = Localizable.strings; sourceTree = "<group>"; };
		91E679E52B0F308F00D4C4CA /* R.generated.swift */ = {isa = PBXFileReference; fileEncoding = 4; lastKnownFileType = sourcecode.swift; path = R.generated.swift; sourceTree = "<group>"; };
		91F8C0FF2B141BF1005CAB09 /* Constant.swift */ = {isa = PBXFileReference; lastKnownFileType = sourcecode.swift; path = Constant.swift; sourceTree = "<group>"; };
		91F8C1012B141C37005CAB09 /* Function.swift */ = {isa = PBXFileReference; lastKnownFileType = sourcecode.swift; path = Function.swift; sourceTree = "<group>"; };
		DA01288709EB7C05B26E8D76 /* Pods-HiIOSTmpl.debug.xcconfig */ = {isa = PBXFileReference; includeInIndex = 1; lastKnownFileType = text.xcconfig; name = "Pods-HiIOSTmpl.debug.xcconfig"; path = "Target Support Files/Pods-HiIOSTmpl/Pods-HiIOSTmpl.debug.xcconfig"; sourceTree = "<group>"; };
/* End PBXFileReference section */

/* Begin PBXFrameworksBuildPhase section */
		910AF26F2B0F10B60044111C /* Frameworks */ = {
			isa = PBXFrameworksBuildPhase;
			buildActionMask = 2147483647;
			files = (
				46DA501ADC2D0EFA95F955EA /* Pods_HiIOSTmpl.framework in Frameworks */,
			);
			runOnlyForDeploymentPostprocessing = 0;
		};
/* End PBXFrameworksBuildPhase section */

/* Begin PBXGroup section */
		065FC8FF24B79C5634EDA80C /* Frameworks */ = {
			isa = PBXGroup;
			children = (
				53BF07CDD30A8C3C2C6733AE /* Pods_HiIOSTmpl.framework */,
			);
			name = Frameworks;
			sourceTree = "<group>";
		};
		1FA3E8E9250B0D7953A2CC96 /* Pods */ = {
			isa = PBXGroup;
			children = (
				DA01288709EB7C05B26E8D76 /* Pods-HiIOSTmpl.debug.xcconfig */,
				6E89BFF99422B6DEF98DB20E /* Pods-HiIOSTmpl.release.xcconfig */,
			);
			path = Pods;
			sourceTree = "<group>";
		};
		910AF2692B0F10B60044111C = {
			isa = PBXGroup;
			children = (
				910AF2742B0F10B60044111C /* HiIOSTmpl */,
				910AF2732B0F10B60044111C /* Products */,
				1FA3E8E9250B0D7953A2CC96 /* Pods */,
				065FC8FF24B79C5634EDA80C /* Frameworks */,
			);
			sourceTree = "<group>";
		};
		910AF2732B0F10B60044111C /* Products */ = {
			isa = PBXGroup;
			children = (
				910AF2722B0F10B60044111C /* HiIOSTmpl.app */,
			);
			name = Products;
			sourceTree = "<group>";
		};
		910AF2742B0F10B60044111C /* HiIOSTmpl */ = {
			isa = PBXGroup;
			children = (
				9160C63A2B278D5000271081 /* Resource */,
				913904642B1D779200F947E0 /* Module */,
				91F8C0FC2B141BC3005CAB09 /* Component */,
				911040F42B11A42F00AF07A3 /* Core */,
			);
			path = HiIOSTmpl;
			sourceTree = "<group>";
		};
		911040F42B11A42F00AF07A3 /* Core */ = {
			isa = PBXGroup;
			children = (
				911041702B11A6E400AF07A3 /* .swiftlint.yml */,
				91E679E52B0F308F00D4C4CA /* R.generated.swift */,
				9188AAA92B0F2B0200AF0DBD /* HiIOSTmpl.entitlements */,
				910AF2752B0F10B60044111C /* AppDelegate.swift */,
				910AF2772B0F10B60044111C /* SceneDelegate.swift */,
				910AF27E2B0F10B70044111C /* Assets.xcassets */,
				910AF2802B0F10B70044111C /* LaunchScreen.storyboard */,
				910AF2832B0F10B70044111C /* Info.plist */,
				91E679E02B0F2FDE00D4C4CA /* OC-Bridging-Header.h */,
				91E679E12B0F2FFD00D4C4CA /* Localizable.strings */,
				911040F22B11A39A00AF07A3 /* AppDependency.swift */,
				91D20B3F2B27898C00EF878D /* readme.txt */,
			);
			name = Core;
			sourceTree = "<group>";
		};
		9139045F2B1D771600F947E0 /* Extension */ = {
			isa = PBXGroup;
			children = (
				913904602B1D772B00F947E0 /* Parameter+Ex.swift */,
				913904622B1D776100F947E0 /* UIApplication+Ex.swift */,
				9160C6442B27993D00271081 /* Appearance+Ex.swift */,
				9160C6462B27995600271081 /* BaseResponse+Ex.swift */,
				9160C6482B2799A500271081 /* Library+Ex.swift */,
				9160C64A2B2799F600271081 /* List+Ex.swift */,
				9160C64C2B279A2A00271081 /* Logger+Ex.swift */,
				9160C64E2B279A3D00271081 /* Runtime+Ex.swift */,
				9160C6502B279A5700271081 /* ScrollViewController+Ex.swift */,
				9160C6522B279AA900271081 /* Storable+Ex.swift */,
				9160C6542B279ACD00271081 /* BaseViewController+Ex.swift */,
				91A9315B2B282C6C00814EB8 /* UIViewController+Ex.swift */,
			);
			path = Extension;
			sourceTree = "<group>";
		};
		913904642B1D779200F947E0 /* Module */ = {
			isa = PBXGroup;
			children = (
				91560F2C2B27659D0008540E /* Controller */,
				91560F2B2B2765940008540E /* Reactor */,
				91560F282B2763FB0008540E /* View */,
				91AC6E822B260562003B728F /* Cell */,
				91AC6E812B26055A003B728F /* Item */,
				91AC6E7A2B26044C003B728F /* Section */,
				913904652B1D77A100F947E0 /* Model */,
			);
			path = Module;
			sourceTree = "<group>";
		};
		913904652B1D77A100F947E0 /* Model */ = {
			isa = PBXGroup;
			children = (
				913904662B1D77AF00F947E0 /* User.swift */,
				9139046A2B1D787300F947E0 /* Configuration.swift */,
				91D20B3D2B27767900EF878D /* Event.swift */,
				9160C6562B279D5300271081 /* BaseUser.swift */,
				9160C6582B279D6000271081 /* BaseRepo.swift */,
				91A9314D2B28295E00814EB8 /* Repo.swift */,
				919CDED72B28BA5F001C359B /* Repo+Ex.swift */,
				919CDEDD2B28BEDB001C359B /* User+Ex.swift */,
			);
			path = Model;
			sourceTree = "<group>";
		};
		91560F252B2763610008540E /* Reactive */ = {
			isa = PBXGroup;
			children = (
				91560F262B27636E0008540E /* ScrollViewController+Rx.swift */,
				914B99902B2834620084E311 /* PagingViewController+Rx.swift */,
			);
			path = Reactive;
			sourceTree = "<group>";
		};
		91560F282B2763FB0008540E /* View */ = {
			isa = PBXGroup;
			children = (
				91560F292B2764090008540E /* PersonalParallaxView.swift */,
				914B998C2B2834230084E311 /* NavigationBarPagingView.swift */,
			);
			path = View;
			sourceTree = "<group>";
		};
		91560F2B2B2765940008540E /* Reactor */ = {
			isa = PBXGroup;
			children = (
				91560F2D2B276AFE0008540E /* PersonalViewReactor.swift */,
				91560F312B276B4F0008540E /* EventViewReactor.swift */,
				91560F352B276B680008540E /* FavoriteViewReactor.swift */,
				91D20B042B276E3900EF878D /* TabBarReactor.swift */,
				91D20B282B2771F200EF878D /* LoginViewReactor.swift */,
				91A9314F2B282A1A00814EB8 /* UserListViewReactor.swift */,
				91A931532B282A9100814EB8 /* RepoListViewReactor.swift */,
				914B99862B2830FE0084E311 /* TrendingViewReactor.swift */,
			);
			path = Reactor;
			sourceTree = "<group>";
		};
		91560F2C2B27659D0008540E /* Controller */ = {
			isa = PBXGroup;
			children = (
				91560F2F2B276B090008540E /* PersonalViewController.swift */,
				91560F332B276B5A0008540E /* EventViewController.swift */,
				91560F372B276B730008540E /* FavoriteViewController.swift */,
				91D20B062B276E4300EF878D /* TabBarController.swift */,
				91D20B2A2B2771FD00EF878D /* LoginViewController.swift */,
				91A931512B282A6200814EB8 /* UserListViewController.swift */,
				91A931552B282AB200814EB8 /* RepoListViewController.swift */,
				914B99882B28310A0084E311 /* TrendingViewController.swift */,
				914B998A2B2834050084E311 /* NavigationBarPagingViewController.swift */,
			);
			path = Controller;
			sourceTree = "<group>";
		};
		9160C63A2B278D5000271081 /* Resource */ = {
			isa = PBXGroup;
			children = (
				9160C63B2B278D5E00271081 /* json */,
			);
			path = Resource;
			sourceTree = "<group>";
		};
		9160C63B2B278D5E00271081 /* json */ = {
			isa = PBXGroup;
			children = (
				9160C63C2B278D7400271081 /* Configuration.json */,
				9160C63E2B2792A100271081 /* EventList#1.json */,
				9160C65A2B279E0000271081 /* UserList#trendingUsers.json */,
				9160C65C2B279E0A00271081 /* RepoList#trendingRepos.json */,
			);
			path = json;
			sourceTree = "<group>";
		};
		91AC6E752B26032A003B728F /* List */ = {
			isa = PBXGroup;
			children = (
				91AC6E762B260337003B728F /* ListViewReactor.swift */,
				91AC6E782B260343003B728F /* ListViewController.swift */,
			);
			path = List;
			sourceTree = "<group>";
		};
		91AC6E7A2B26044C003B728F /* Section */ = {
			isa = PBXGroup;
			children = (
				91AC6E7B2B260462003B728F /* SectionItemElement.swift */,
				91AC6E7D2B2604A5003B728F /* SectionItem.swift */,
				91AC6E7F2B2604B4003B728F /* Section.swift */,
			);
			path = Section;
			sourceTree = "<group>";
		};
		91AC6E812B26055A003B728F /* Item */ = {
			isa = PBXGroup;
			children = (
				91AC6E832B260594003B728F /* AppInfoItem.swift */,
				91AC6E872B2605F5003B728F /* LabelItem.swift */,
				914346E42B26B398002199D0 /* ButtonItem.swift */,
				914346E82B26B3E9002199D0 /* ImageViewItem.swift */,
				914346EC2B26B47B002199D0 /* TextViewItem.swift */,
				914346F02B26B4AE002199D0 /* TextFieldItem.swift */,
				9160C6402B2793FB00271081 /* EventItem.swift */,
				919CDED32B28BA19001C359B /* RepoItem.swift */,
				919CDED92B28BEA7001C359B /* UserItem.swift */,
			);
			path = Item;
			sourceTree = "<group>";
		};
		91AC6E822B260562003B728F /* Cell */ = {
			isa = PBXGroup;
			children = (
				91AC6E852B2605A8003B728F /* AppInfoCell.swift */,
				91AC6E892B2605FD003B728F /* LabelCell.swift */,
				914346E62B26B3A3002199D0 /* ButtonCell.swift */,
				914346EA2B26B3EF002199D0 /* ImageViewCell.swift */,
				914346EE2B26B484002199D0 /* TextViewCell.swift */,
				914346F22B26B4B6002199D0 /* TextFieldCell.swift */,
				9160C6422B27940300271081 /* EventCell.swift */,
				919CDED52B28BA25001C359B /* RepoCell.swift */,
				919CDEDB2B28BEAF001C359B /* UserCell.swift */,
			);
			path = Cell;
			sourceTree = "<group>";
		};
		91D20B082B276EE600EF878D /* ObjC */ = {
			isa = PBXGroup;
			children = (
				91D20B0B2B276F4900EF878D /* QMUIConfigurationTemplate.h */,
				91D20B0A2B276F4900EF878D /* QMUIConfigurationTemplate.m */,
				91D20B0F2B276FBF00EF878D /* OCHelper.h */,
				91D20B102B276FBF00EF878D /* OCHelper.m */,
			);
			path = ObjC;
			sourceTree = "<group>";
		};
		91D20B122B2770B700EF878D /* Web */ = {
			isa = PBXGroup;
			children = (
				91D20B132B2770DA00EF878D /* WebViewReactor.swift */,
				91D20B152B2770E400EF878D /* WebViewController.swift */,
			);
			path = Web;
			sourceTree = "<group>";
		};
		91D20B172B27713800EF878D /* Router */ = {
			isa = PBXGroup;
			children = (
				91D20B182B27715000EF878D /* Router+Dialog.swift */,
				91D20B1A2B27715A00EF878D /* Router+Dialog+Alert.swift */,
				91D20B1C2B27716500EF878D /* Router+Dialog+Popup.swift */,
				91D20B1E2B27717000EF878D /* Router+Dialog+Sheet.swift */,
				91D20B202B27717A00EF878D /* Router+Dialog+Toast.swift */,
				91D20B222B27718500EF878D /* Router+Ex.swift */,
				91D20B242B27719300EF878D /* Router+Page.swift */,
				91D20B262B27719D00EF878D /* Router+Web.swift */,
			);
			path = Router;
			sourceTree = "<group>";
		};
		91D20B2C2B2773D000EF878D /* Network */ = {
			isa = PBXGroup;
			children = (
				91D20B2D2B27743E00EF878D /* GithubBaseAPI.swift */,
				91D20B312B27745700EF878D /* Networking.swift */,
				91D20B332B27746300EF878D /* ProviderType+GithubBaseAPI.swift */,
				91D20B372B27747800EF878D /* ProviderType+DynamicAPI.swift */,
				91D20B392B2774C400EF878D /* Dynamically.swift */,
				91D20B3B2B2774CE00EF878D /* DynamicAPI.swift */,
				91A931572B282B1100814EB8 /* TrendingAPI.swift */,
				91A931592B282B6A00814EB8 /* ProviderType+TrendingAPI.swift */,
			);
			path = Network;
			sourceTree = "<group>";
		};
		91F8C0FC2B141BC3005CAB09 /* Component */ = {
			isa = PBXGroup;
			children = (
				91D20B2C2B2773D000EF878D /* Network */,
				91D20B172B27713800EF878D /* Router */,
				91D20B122B2770B700EF878D /* Web */,
				91D20B082B276EE600EF878D /* ObjC */,
				91560F252B2763610008540E /* Reactive */,
				91AC6E752B26032A003B728F /* List */,
				9139045F2B1D771600F947E0 /* Extension */,
				91F8C0FE2B141BD6005CAB09 /* Foundation */,
			);
			path = Component;
			sourceTree = "<group>";
		};
		91F8C0FE2B141BD6005CAB09 /* Foundation */ = {
			isa = PBXGroup;
			children = (
				91F8C0FF2B141BF1005CAB09 /* Constant.swift */,
				91F8C1012B141C37005CAB09 /* Function.swift */,
				913904682B1D784200F947E0 /* DataType.swift */,
				9139046C2B1D78CA00F947E0 /* Theme.swift */,
			);
			path = Foundation;
			sourceTree = "<group>";
		};
/* End PBXGroup section */

/* Begin PBXNativeTarget section */
		910AF2712B0F10B60044111C /* HiIOSTmpl */ = {
			isa = PBXNativeTarget;
			buildConfigurationList = 910AF2862B0F10B70044111C /* Build configuration list for PBXNativeTarget "HiIOSTmpl" */;
			buildPhases = (
				42A982256A3E56C928BAB730 /* [CP] Check Pods Manifest.lock */,
				91E679E32B0F302300D4C4CA /* SwiftLint */,
				91E679E42B0F303C00D4C4CA /* R.swift */,
				910AF26E2B0F10B60044111C /* Sources */,
				910AF26F2B0F10B60044111C /* Frameworks */,
				910AF2702B0F10B60044111C /* Resources */,
				758AD7B233EE0464EF3A0A18 /* [CP] Embed Pods Frameworks */,
			);
			buildRules = (
			);
			dependencies = (
			);
			name = HiIOSTmpl;
			productName = HiIOSTmpl;
			productReference = 910AF2722B0F10B60044111C /* HiIOSTmpl.app */;
			productType = "com.apple.product-type.application";
		};
/* End PBXNativeTarget section */

/* Begin PBXProject section */
		910AF26A2B0F10B60044111C /* Project object */ = {
			isa = PBXProject;
			attributes = {
				BuildIndependentTargetsInParallel = 1;
				LastSwiftUpdateCheck = 1500;
				LastUpgradeCheck = 1500;
				TargetAttributes = {
					910AF2712B0F10B60044111C = {
						CreatedOnToolsVersion = 15.0.1;
						LastSwiftMigration = 1500;
					};
				};
			};
			buildConfigurationList = 910AF26D2B0F10B60044111C /* Build configuration list for PBXProject "HiIOSTmpl" */;
			compatibilityVersion = "Xcode 14.0";
			developmentRegion = en;
			hasScannedForEncodings = 0;
			knownRegions = (
				en,
				Base,
			);
			mainGroup = 910AF2692B0F10B60044111C;
			productRefGroup = 910AF2732B0F10B60044111C /* Products */;
			projectDirPath = "";
			projectRoot = "";
			targets = (
				910AF2712B0F10B60044111C /* HiIOSTmpl */,
			);
		};
/* End PBXProject section */

/* Begin PBXResourcesBuildPhase section */
		910AF2702B0F10B60044111C /* Resources */ = {
			isa = PBXResourcesBuildPhase;
			buildActionMask = 2147483647;
			files = (
				910AF2822B0F10B70044111C /* LaunchScreen.storyboard in Resources */,
				91E679E22B0F2FFD00D4C4CA /* Localizable.strings in Resources */,
				9160C63F2B2792A100271081 /* EventList#1.json in Resources */,
				9160C65D2B279E0A00271081 /* RepoList#trendingRepos.json in Resources */,
				9160C65B2B279E0000271081 /* UserList#trendingUsers.json in Resources */,
				9160C63D2B278D7400271081 /* Configuration.json in Resources */,
				910AF27F2B0F10B70044111C /* Assets.xcassets in Resources */,
			);
			runOnlyForDeploymentPostprocessing = 0;
		};
/* End PBXResourcesBuildPhase section */

/* Begin PBXShellScriptBuildPhase section */
		42A982256A3E56C928BAB730 /* [CP] Check Pods Manifest.lock */ = {
			isa = PBXShellScriptBuildPhase;
			buildActionMask = 2147483647;
			files = (
			);
			inputFileListPaths = (
			);
			inputPaths = (
				"${PODS_PODFILE_DIR_PATH}/Podfile.lock",
				"${PODS_ROOT}/Manifest.lock",
			);
			name = "[CP] Check Pods Manifest.lock";
			outputFileListPaths = (
			);
			outputPaths = (
				"$(DERIVED_FILE_DIR)/Pods-HiIOSTmpl-checkManifestLockResult.txt",
			);
			runOnlyForDeploymentPostprocessing = 0;
			shellPath = /bin/sh;
			shellScript = "diff \"${PODS_PODFILE_DIR_PATH}/Podfile.lock\" \"${PODS_ROOT}/Manifest.lock\" > /dev/null\nif [ $? != 0 ] ; then\n    # print error to STDERR\n    echo \"error: The sandbox is not in sync with the Podfile.lock. Run 'pod install' or update your CocoaPods installation.\" >&2\n    exit 1\nfi\n# This output is used by Xcode 'outputs' to avoid re-running this script phase.\necho \"SUCCESS\" > \"${SCRIPT_OUTPUT_FILE_0}\"\n";
			showEnvVarsInLog = 0;
		};
		758AD7B233EE0464EF3A0A18 /* [CP] Embed Pods Frameworks */ = {
			isa = PBXShellScriptBuildPhase;
			buildActionMask = 2147483647;
			files = (
			);
			inputFileListPaths = (
				"${PODS_ROOT}/Target Support Files/Pods-HiIOSTmpl/Pods-HiIOSTmpl-frameworks-${CONFIGURATION}-input-files.xcfilelist",
			);
			name = "[CP] Embed Pods Frameworks";
			outputFileListPaths = (
				"${PODS_ROOT}/Target Support Files/Pods-HiIOSTmpl/Pods-HiIOSTmpl-frameworks-${CONFIGURATION}-output-files.xcfilelist",
			);
			runOnlyForDeploymentPostprocessing = 0;
			shellPath = /bin/sh;
			shellScript = "\"${PODS_ROOT}/Target Support Files/Pods-HiIOSTmpl/Pods-HiIOSTmpl-frameworks.sh\"\n";
			showEnvVarsInLog = 0;
		};
		91E679E32B0F302300D4C4CA /* SwiftLint */ = {
			isa = PBXShellScriptBuildPhase;
			alwaysOutOfDate = 1;
			buildActionMask = 2147483647;
			files = (
			);
			inputFileListPaths = (
			);
			inputPaths = (
			);
			name = SwiftLint;
			outputFileListPaths = (
			);
			outputPaths = (
			);
			runOnlyForDeploymentPostprocessing = 0;
			shellPath = /bin/sh;
			shellScript = "${PODS_ROOT}/SwiftLint/swiftlint\n";
		};
		91E679E42B0F303C00D4C4CA /* R.swift */ = {
			isa = PBXShellScriptBuildPhase;
			alwaysOutOfDate = 1;
			buildActionMask = 2147483647;
			files = (
			);
			inputFileListPaths = (
			);
			inputPaths = (
			);
			name = R.swift;
			outputFileListPaths = (
			);
			outputPaths = (
				$SRCROOT/HiIOSTmpl/R.generated.swift,
			);
			runOnlyForDeploymentPostprocessing = 0;
			shellPath = /bin/sh;
			shellScript = "\"$PODS_ROOT/R.swift/rswift\" generate \"$SRCROOT/HiIOSTmpl/R.generated.swift\"\n";
		};
/* End PBXShellScriptBuildPhase section */

/* Begin PBXSourcesBuildPhase section */
		910AF26E2B0F10B60044111C /* Sources */ = {
			isa = PBXSourcesBuildPhase;
			buildActionMask = 2147483647;
			files = (
				91AC6E802B2604B4003B728F /* Section.swift in Sources */,
				91D20B382B27747800EF878D /* ProviderType+DynamicAPI.swift in Sources */,
				91D20B1F2B27717000EF878D /* Router+Dialog+Sheet.swift in Sources */,
				91D20B232B27718500EF878D /* Router+Ex.swift in Sources */,
				91A931562B282AB200814EB8 /* RepoListViewController.swift in Sources */,
				9160C6532B279AA900271081 /* Storable+Ex.swift in Sources */,
				914B99892B28310A0084E311 /* TrendingViewController.swift in Sources */,
				91D20B3E2B27767900EF878D /* Event.swift in Sources */,
				91AC6E7E2B2604A5003B728F /* SectionItem.swift in Sources */,
				911040F32B11A39A00AF07A3 /* AppDependency.swift in Sources */,
				91560F2E2B276AFE0008540E /* PersonalViewReactor.swift in Sources */,
				913904692B1D784200F947E0 /* DataType.swift in Sources */,
				91560F2A2B2764090008540E /* PersonalParallaxView.swift in Sources */,
				91A9314E2B28295E00814EB8 /* Repo.swift in Sources */,
				91AC6E772B260337003B728F /* ListViewReactor.swift in Sources */,
				91A931522B282A6200814EB8 /* UserListViewController.swift in Sources */,
				914B998B2B2834050084E311 /* NavigationBarPagingViewController.swift in Sources */,
				9160C6552B279ACD00271081 /* BaseViewController+Ex.swift in Sources */,
				91560F362B276B680008540E /* FavoriteViewReactor.swift in Sources */,
				9160C6432B27940300271081 /* EventCell.swift in Sources */,
				91D20B272B27719D00EF878D /* Router+Web.swift in Sources */,
				91D20B142B2770DA00EF878D /* WebViewReactor.swift in Sources */,
				91D20B112B276FBF00EF878D /* OCHelper.m in Sources */,
				91560F382B276B730008540E /* FavoriteViewController.swift in Sources */,
				910AF2762B0F10B60044111C /* AppDelegate.swift in Sources */,
				914B998D2B2834230084E311 /* NavigationBarPagingView.swift in Sources */,
				91F8C1002B141BF1005CAB09 /* Constant.swift in Sources */,
				919CDEDC2B28BEAF001C359B /* UserCell.swift in Sources */,
				9160C6512B279A5700271081 /* ScrollViewController+Ex.swift in Sources */,
				913904632B1D776100F947E0 /* UIApplication+Ex.swift in Sources */,
				91D20B052B276E3900EF878D /* TabBarReactor.swift in Sources */,
				91D20B1D2B27716500EF878D /* Router+Dialog+Popup.swift in Sources */,
				919CDED62B28BA25001C359B /* RepoCell.swift in Sources */,
				91560F302B276B090008540E /* PersonalViewController.swift in Sources */,
				914346EB2B26B3EF002199D0 /* ImageViewCell.swift in Sources */,
				91AC6E792B260343003B728F /* ListViewController.swift in Sources */,
				91F8C1022B141C37005CAB09 /* Function.swift in Sources */,
				91AC6E7C2B260462003B728F /* SectionItemElement.swift in Sources */,
				914346E92B26B3E9002199D0 /* ImageViewItem.swift in Sources */,
				91D20B342B27746300EF878D /* ProviderType+GithubBaseAPI.swift in Sources */,
				91D20B2B2B2771FD00EF878D /* LoginViewController.swift in Sources */,
				919CDED82B28BA5F001C359B /* Repo+Ex.swift in Sources */,
				91D20B322B27745700EF878D /* Networking.swift in Sources */,
				91A9315C2B282C6C00814EB8 /* UIViewController+Ex.swift in Sources */,
				91D20B162B2770E400EF878D /* WebViewController.swift in Sources */,
				91A931582B282B1100814EB8 /* TrendingAPI.swift in Sources */,
				913904672B1D77AF00F947E0 /* User.swift in Sources */,
				919CDED42B28BA19001C359B /* RepoItem.swift in Sources */,
				91AC6E862B2605A8003B728F /* AppInfoCell.swift in Sources */,
				9160C6472B27995600271081 /* BaseResponse+Ex.swift in Sources */,
				91560F272B27636E0008540E /* ScrollViewController+Rx.swift in Sources */,
				9160C6492B2799A500271081 /* Library+Ex.swift in Sources */,
				9160C6592B279D6000271081 /* BaseRepo.swift in Sources */,
				9160C6412B2793FB00271081 /* EventItem.swift in Sources */,
				91D20B0C2B276F4900EF878D /* QMUIConfigurationTemplate.m in Sources */,
				9160C64F2B279A3D00271081 /* Runtime+Ex.swift in Sources */,
				914B99912B2834620084E311 /* PagingViewController+Rx.swift in Sources */,
				91AC6E882B2605F5003B728F /* LabelItem.swift in Sources */,
				91560F322B276B4F0008540E /* EventViewReactor.swift in Sources */,
				910AF2782B0F10B60044111C /* SceneDelegate.swift in Sources */,
				914B99872B2830FE0084E311 /* TrendingViewReactor.swift in Sources */,
				914346E72B26B3A3002199D0 /* ButtonCell.swift in Sources */,
				91D20B252B27719300EF878D /* Router+Page.swift in Sources */,
				91A931502B282A1A00814EB8 /* UserListViewReactor.swift in Sources */,
				91A9315A2B282B6A00814EB8 /* ProviderType+TrendingAPI.swift in Sources */,
				91A931542B282A9100814EB8 /* RepoListViewReactor.swift in Sources */,
				919CDEDA2B28BEA7001C359B /* UserItem.swift in Sources */,
				914346F12B26B4AE002199D0 /* TextFieldItem.swift in Sources */,
				91D20B072B276E4300EF878D /* TabBarController.swift in Sources */,
				91D20B3A2B2774C400EF878D /* Dynamically.swift in Sources */,
				914346EF2B26B484002199D0 /* TextViewCell.swift in Sources */,
				913904612B1D772B00F947E0 /* Parameter+Ex.swift in Sources */,
				91D20B2E2B27743E00EF878D /* GithubBaseAPI.swift in Sources */,
				9160C6452B27993D00271081 /* Appearance+Ex.swift in Sources */,
				91AC6E8A2B2605FD003B728F /* LabelCell.swift in Sources */,
				914346ED2B26B47B002199D0 /* TextViewItem.swift in Sources */,
				9160C64D2B279A2A00271081 /* Logger+Ex.swift in Sources */,
				91D20B212B27717A00EF878D /* Router+Dialog+Toast.swift in Sources */,
				9160C6572B279D5300271081 /* BaseUser.swift in Sources */,
				919CDEDE2B28BEDB001C359B /* User+Ex.swift in Sources */,
				9139046D2B1D78CA00F947E0 /* Theme.swift in Sources */,
				91D20B1B2B27715A00EF878D /* Router+Dialog+Alert.swift in Sources */,
				914346F32B26B4B6002199D0 /* TextFieldCell.swift in Sources */,
				91D20B292B2771F200EF878D /* LoginViewReactor.swift in Sources */,
				9160C64B2B2799F600271081 /* List+Ex.swift in Sources */,
				91D20B192B27715000EF878D /* Router+Dialog.swift in Sources */,
				91D20B3C2B2774CE00EF878D /* DynamicAPI.swift in Sources */,
				91560F342B276B5A0008540E /* EventViewController.swift in Sources */,
				91E679E62B0F308F00D4C4CA /* R.generated.swift in Sources */,
				91AC6E842B260594003B728F /* AppInfoItem.swift in Sources */,
				914346E52B26B398002199D0 /* ButtonItem.swift in Sources */,
				9139046B2B1D787300F947E0 /* Configuration.swift in Sources */,
			);
			runOnlyForDeploymentPostprocessing = 0;
		};
/* End PBXSourcesBuildPhase section */

/* Begin PBXVariantGroup section */
		910AF2802B0F10B70044111C /* LaunchScreen.storyboard */ = {
			isa = PBXVariantGroup;
			children = (
				910AF2812B0F10B70044111C /* Base */,
			);
			name = LaunchScreen.storyboard;
			sourceTree = "<group>";
		};
/* End PBXVariantGroup section */

/* Begin XCBuildConfiguration section */
		910AF2842B0F10B70044111C /* Debug */ = {
			isa = XCBuildConfiguration;
			buildSettings = {
				ALWAYS_SEARCH_USER_PATHS = NO;
				ASSETCATALOG_COMPILER_GENERATE_SWIFT_ASSET_SYMBOL_EXTENSIONS = YES;
				CLANG_ANALYZER_NONNULL = YES;
				CLANG_ANALYZER_NUMBER_OBJECT_CONVERSION = YES_AGGRESSIVE;
				CLANG_CXX_LANGUAGE_STANDARD = "gnu++20";
				CLANG_ENABLE_MODULES = YES;
				CLANG_ENABLE_OBJC_ARC = YES;
				CLANG_ENABLE_OBJC_WEAK = YES;
				CLANG_WARN_BLOCK_CAPTURE_AUTORELEASING = YES;
				CLANG_WARN_BOOL_CONVERSION = YES;
				CLANG_WARN_COMMA = YES;
				CLANG_WARN_CONSTANT_CONVERSION = YES;
				CLANG_WARN_DEPRECATED_OBJC_IMPLEMENTATIONS = YES;
				CLANG_WARN_DIRECT_OBJC_ISA_USAGE = YES_ERROR;
				CLANG_WARN_DOCUMENTATION_COMMENTS = YES;
				CLANG_WARN_EMPTY_BODY = YES;
				CLANG_WARN_ENUM_CONVERSION = YES;
				CLANG_WARN_INFINITE_RECURSION = YES;
				CLANG_WARN_INT_CONVERSION = YES;
				CLANG_WARN_NON_LITERAL_NULL_CONVERSION = YES;
				CLANG_WARN_OBJC_IMPLICIT_RETAIN_SELF = YES;
				CLANG_WARN_OBJC_LITERAL_CONVERSION = YES;
				CLANG_WARN_OBJC_ROOT_CLASS = YES_ERROR;
				CLANG_WARN_QUOTED_INCLUDE_IN_FRAMEWORK_HEADER = YES;
				CLANG_WARN_RANGE_LOOP_ANALYSIS = YES;
				CLANG_WARN_STRICT_PROTOTYPES = YES;
				CLANG_WARN_SUSPICIOUS_MOVE = YES;
				CLANG_WARN_UNGUARDED_AVAILABILITY = YES_AGGRESSIVE;
				CLANG_WARN_UNREACHABLE_CODE = YES;
				CLANG_WARN__DUPLICATE_METHOD_MATCH = YES;
				COPY_PHASE_STRIP = NO;
				DEBUG_INFORMATION_FORMAT = dwarf;
				ENABLE_STRICT_OBJC_MSGSEND = YES;
				ENABLE_TESTABILITY = YES;
				ENABLE_USER_SCRIPT_SANDBOXING = YES;
				GCC_C_LANGUAGE_STANDARD = gnu17;
				GCC_DYNAMIC_NO_PIC = NO;
				GCC_NO_COMMON_BLOCKS = YES;
				GCC_OPTIMIZATION_LEVEL = 0;
				GCC_PREPROCESSOR_DEFINITIONS = (
					"DEBUG=1",
					"$(inherited)",
				);
				GCC_WARN_64_TO_32_BIT_CONVERSION = YES;
				GCC_WARN_ABOUT_RETURN_TYPE = YES_ERROR;
				GCC_WARN_UNDECLARED_SELECTOR = YES;
				GCC_WARN_UNINITIALIZED_AUTOS = YES_AGGRESSIVE;
				GCC_WARN_UNUSED_FUNCTION = YES;
				GCC_WARN_UNUSED_VARIABLE = YES;
				IPHONEOS_DEPLOYMENT_TARGET = 17.0;
				LOCALIZATION_PREFERS_STRING_CATALOGS = YES;
				MTL_ENABLE_DEBUG_INFO = INCLUDE_SOURCE;
				MTL_FAST_MATH = YES;
				ONLY_ACTIVE_ARCH = YES;
				SDKROOT = iphoneos;
				SWIFT_ACTIVE_COMPILATION_CONDITIONS = "DEBUG $(inherited)";
				SWIFT_OPTIMIZATION_LEVEL = "-Onone";
			};
			name = Debug;
		};
		910AF2852B0F10B70044111C /* Release */ = {
			isa = XCBuildConfiguration;
			buildSettings = {
				ALWAYS_SEARCH_USER_PATHS = NO;
				ASSETCATALOG_COMPILER_GENERATE_SWIFT_ASSET_SYMBOL_EXTENSIONS = YES;
				CLANG_ANALYZER_NONNULL = YES;
				CLANG_ANALYZER_NUMBER_OBJECT_CONVERSION = YES_AGGRESSIVE;
				CLANG_CXX_LANGUAGE_STANDARD = "gnu++20";
				CLANG_ENABLE_MODULES = YES;
				CLANG_ENABLE_OBJC_ARC = YES;
				CLANG_ENABLE_OBJC_WEAK = YES;
				CLANG_WARN_BLOCK_CAPTURE_AUTORELEASING = YES;
				CLANG_WARN_BOOL_CONVERSION = YES;
				CLANG_WARN_COMMA = YES;
				CLANG_WARN_CONSTANT_CONVERSION = YES;
				CLANG_WARN_DEPRECATED_OBJC_IMPLEMENTATIONS = YES;
				CLANG_WARN_DIRECT_OBJC_ISA_USAGE = YES_ERROR;
				CLANG_WARN_DOCUMENTATION_COMMENTS = YES;
				CLANG_WARN_EMPTY_BODY = YES;
				CLANG_WARN_ENUM_CONVERSION = YES;
				CLANG_WARN_INFINITE_RECURSION = YES;
				CLANG_WARN_INT_CONVERSION = YES;
				CLANG_WARN_NON_LITERAL_NULL_CONVERSION = YES;
				CLANG_WARN_OBJC_IMPLICIT_RETAIN_SELF = YES;
				CLANG_WARN_OBJC_LITERAL_CONVERSION = YES;
				CLANG_WARN_OBJC_ROOT_CLASS = YES_ERROR;
				CLANG_WARN_QUOTED_INCLUDE_IN_FRAMEWORK_HEADER = YES;
				CLANG_WARN_RANGE_LOOP_ANALYSIS = YES;
				CLANG_WARN_STRICT_PROTOTYPES = YES;
				CLANG_WARN_SUSPICIOUS_MOVE = YES;
				CLANG_WARN_UNGUARDED_AVAILABILITY = YES_AGGRESSIVE;
				CLANG_WARN_UNREACHABLE_CODE = YES;
				CLANG_WARN__DUPLICATE_METHOD_MATCH = YES;
				COPY_PHASE_STRIP = NO;
				DEBUG_INFORMATION_FORMAT = "dwarf-with-dsym";
				ENABLE_NS_ASSERTIONS = NO;
				ENABLE_STRICT_OBJC_MSGSEND = YES;
				ENABLE_USER_SCRIPT_SANDBOXING = YES;
				GCC_C_LANGUAGE_STANDARD = gnu17;
				GCC_NO_COMMON_BLOCKS = YES;
				GCC_WARN_64_TO_32_BIT_CONVERSION = YES;
				GCC_WARN_ABOUT_RETURN_TYPE = YES_ERROR;
				GCC_WARN_UNDECLARED_SELECTOR = YES;
				GCC_WARN_UNINITIALIZED_AUTOS = YES_AGGRESSIVE;
				GCC_WARN_UNUSED_FUNCTION = YES;
				GCC_WARN_UNUSED_VARIABLE = YES;
				IPHONEOS_DEPLOYMENT_TARGET = 17.0;
				LOCALIZATION_PREFERS_STRING_CATALOGS = YES;
				MTL_ENABLE_DEBUG_INFO = NO;
				MTL_FAST_MATH = YES;
				SDKROOT = iphoneos;
				SWIFT_COMPILATION_MODE = wholemodule;
				VALIDATE_PRODUCT = YES;
			};
			name = Release;
		};
		910AF2872B0F10B70044111C /* Debug */ = {
			isa = XCBuildConfiguration;
			baseConfigurationReference = DA01288709EB7C05B26E8D76 /* Pods-HiIOSTmpl.debug.xcconfig */;
			buildSettings = {
				ASSETCATALOG_COMPILER_APPICON_NAME = AppIcon;
				ASSETCATALOG_COMPILER_GLOBAL_ACCENT_COLOR_NAME = AccentColor;
				CLANG_ENABLE_MODULES = YES;
				CODE_SIGN_ENTITLEMENTS = HiIOSTmpl/HiIOSTmpl.entitlements;
				CODE_SIGN_STYLE = Automatic;
				CURRENT_PROJECT_VERSION = 1;
				DEVELOPMENT_TEAM = WDE622528T;
				ENABLE_USER_SCRIPT_SANDBOXING = NO;
				GENERATE_INFOPLIST_FILE = YES;
				INFOPLIST_FILE = HiIOSTmpl/Info.plist;
				INFOPLIST_KEY_CFBundleDisplayName = HiIOSTmpl;
				INFOPLIST_KEY_NSBluetoothPeripheralUsageDescription = "$(PRODUCT_NAME)需要您的同意，才能访问蓝牙";
				INFOPLIST_KEY_NSCalendarsUsageDescription = "$(PRODUCT_NAME)需要您的同意，才能访问日历";
				INFOPLIST_KEY_NSCameraUsageDescription = "$(PRODUCT_NAME)需要您的同意，才能访问相机";
				INFOPLIST_KEY_NSLocalNetworkUsageDescription = "$(PRODUCT_NAME)需要您的同意，才能使用本地网络";
				INFOPLIST_KEY_NSLocationAlwaysAndWhenInUseUsageDescription = "$(PRODUCT_NAME)需要您的同意，才能在使用期间始终访问位置";
				INFOPLIST_KEY_NSLocationAlwaysUsageDescription = "$(PRODUCT_NAME)需要您的同意，才能始终访问位置";
				INFOPLIST_KEY_NSLocationUsageDescription = "IOSTemplate需要您的同意，才能访问位置";
				INFOPLIST_KEY_NSLocationWhenInUseUsageDescription = "$(PRODUCT_NAME)需要您的同意，才能在使用期间访问位置";
				INFOPLIST_KEY_NSMicrophoneUsageDescription = "$(PRODUCT_NAME)需要您的同意，才能访问麦克风";
				INFOPLIST_KEY_NSMotionUsageDescription = "$(PRODUCT_NAME)需要您的同意，才能访问运动与健身";
				INFOPLIST_KEY_NSPhotoLibraryAddUsageDescription = "$(PRODUCT_NAME)需要您的同意，才能保存照片到相册";
				INFOPLIST_KEY_NSPhotoLibraryUsageDescription = "$(PRODUCT_NAME)需要您的同意，才能访问相册";
				INFOPLIST_KEY_NSRemindersUsageDescription = "$(PRODUCT_NAME)需要您的同意，才能访问提醒事项";
				INFOPLIST_KEY_UIApplicationSupportsIndirectInputEvents = YES;
				INFOPLIST_KEY_UILaunchStoryboardName = LaunchScreen;
				INFOPLIST_KEY_UIStatusBarStyle = UIStatusBarStyleDefault;
				INFOPLIST_KEY_UISupportedInterfaceOrientations_iPad = "UIInterfaceOrientationPortrait UIInterfaceOrientationPortraitUpsideDown UIInterfaceOrientationLandscapeLeft UIInterfaceOrientationLandscapeRight";
				INFOPLIST_KEY_UISupportedInterfaceOrientations_iPhone = "UIInterfaceOrientationPortrait UIInterfaceOrientationLandscapeLeft UIInterfaceOrientationLandscapeRight";
				INFOPLIST_KEY_UIUserInterfaceStyle = Light;
				IPHONEOS_DEPLOYMENT_TARGET = 13.0;
				LD_RUNPATH_SEARCH_PATHS = (
					"$(inherited)",
					"@executable_path/Frameworks",
				);
				MARKETING_VERSION = 1.0;
				PRODUCT_BUNDLE_IDENTIFIER = com.tospery.hiiostmpl;
				PRODUCT_NAME = "$(TARGET_NAME)";
				SUPPORTED_PLATFORMS = "iphoneos iphonesimulator";
				SUPPORTS_MACCATALYST = NO;
				SWIFT_EMIT_LOC_STRINGS = YES;
				SWIFT_OBJC_BRIDGING_HEADER = "$(SRCROOT)/$(PROJECT_NAME)/OC-Bridging-Header.h";
				SWIFT_OPTIMIZATION_LEVEL = "-Onone";
				SWIFT_VERSION = 5.0;
				TARGETED_DEVICE_FAMILY = "1,2";
			};
			name = Debug;
		};
		910AF2882B0F10B70044111C /* Release */ = {
			isa = XCBuildConfiguration;
			baseConfigurationReference = 6E89BFF99422B6DEF98DB20E /* Pods-HiIOSTmpl.release.xcconfig */;
			buildSettings = {
				ASSETCATALOG_COMPILER_APPICON_NAME = AppIcon;
				ASSETCATALOG_COMPILER_GLOBAL_ACCENT_COLOR_NAME = AccentColor;
				CLANG_ENABLE_MODULES = YES;
				CODE_SIGN_ENTITLEMENTS = HiIOSTmpl/HiIOSTmpl.entitlements;
				CODE_SIGN_STYLE = Automatic;
				CURRENT_PROJECT_VERSION = 1;
				DEVELOPMENT_TEAM = WDE622528T;
				ENABLE_USER_SCRIPT_SANDBOXING = NO;
				GENERATE_INFOPLIST_FILE = YES;
				INFOPLIST_FILE = HiIOSTmpl/Info.plist;
				INFOPLIST_KEY_CFBundleDisplayName = HiIOSTmpl;
				INFOPLIST_KEY_NSBluetoothPeripheralUsageDescription = "$(PRODUCT_NAME)需要您的同意，才能访问蓝牙";
				INFOPLIST_KEY_NSCalendarsUsageDescription = "$(PRODUCT_NAME)需要您的同意，才能访问日历";
				INFOPLIST_KEY_NSCameraUsageDescription = "$(PRODUCT_NAME)需要您的同意，才能访问相机";
				INFOPLIST_KEY_NSLocalNetworkUsageDescription = "$(PRODUCT_NAME)需要您的同意，才能使用本地网络";
				INFOPLIST_KEY_NSLocationAlwaysAndWhenInUseUsageDescription = "$(PRODUCT_NAME)需要您的同意，才能在使用期间始终访问位置";
				INFOPLIST_KEY_NSLocationAlwaysUsageDescription = "$(PRODUCT_NAME)需要您的同意，才能始终访问位置";
				INFOPLIST_KEY_NSLocationUsageDescription = "IOSTemplate需要您的同意，才能访问位置";
				INFOPLIST_KEY_NSLocationWhenInUseUsageDescription = "$(PRODUCT_NAME)需要您的同意，才能在使用期间访问位置";
				INFOPLIST_KEY_NSMicrophoneUsageDescription = "$(PRODUCT_NAME)需要您的同意，才能访问麦克风";
				INFOPLIST_KEY_NSMotionUsageDescription = "$(PRODUCT_NAME)需要您的同意，才能访问运动与健身";
				INFOPLIST_KEY_NSPhotoLibraryAddUsageDescription = "$(PRODUCT_NAME)需要您的同意，才能保存照片到相册";
				INFOPLIST_KEY_NSPhotoLibraryUsageDescription = "$(PRODUCT_NAME)需要您的同意，才能访问相册";
				INFOPLIST_KEY_NSRemindersUsageDescription = "$(PRODUCT_NAME)需要您的同意，才能访问提醒事项";
				INFOPLIST_KEY_UIApplicationSupportsIndirectInputEvents = YES;
				INFOPLIST_KEY_UILaunchStoryboardName = LaunchScreen;
				INFOPLIST_KEY_UIStatusBarStyle = UIStatusBarStyleDefault;
				INFOPLIST_KEY_UISupportedInterfaceOrientations_iPad = "UIInterfaceOrientationPortrait UIInterfaceOrientationPortraitUpsideDown UIInterfaceOrientationLandscapeLeft UIInterfaceOrientationLandscapeRight";
				INFOPLIST_KEY_UISupportedInterfaceOrientations_iPhone = "UIInterfaceOrientationPortrait UIInterfaceOrientationLandscapeLeft UIInterfaceOrientationLandscapeRight";
				INFOPLIST_KEY_UIUserInterfaceStyle = Light;
				IPHONEOS_DEPLOYMENT_TARGET = 13.0;
				LD_RUNPATH_SEARCH_PATHS = (
					"$(inherited)",
					"@executable_path/Frameworks",
				);
				MARKETING_VERSION = 1.0;
				PRODUCT_BUNDLE_IDENTIFIER = com.tospery.hiiostmpl;
				PRODUCT_NAME = "$(TARGET_NAME)";
				SUPPORTED_PLATFORMS = "iphoneos iphonesimulator";
				SUPPORTS_MACCATALYST = NO;
				SWIFT_EMIT_LOC_STRINGS = YES;
				SWIFT_OBJC_BRIDGING_HEADER = "$(SRCROOT)/$(PROJECT_NAME)/OC-Bridging-Header.h";
				SWIFT_VERSION = 5.0;
				TARGETED_DEVICE_FAMILY = "1,2";
			};
			name = Release;
		};
/* End XCBuildConfiguration section */

/* Begin XCConfigurationList section */
		910AF26D2B0F10B60044111C /* Build configuration list for PBXProject "HiIOSTmpl" */ = {
			isa = XCConfigurationList;
			buildConfigurations = (
				910AF2842B0F10B70044111C /* Debug */,
				910AF2852B0F10B70044111C /* Release */,
			);
			defaultConfigurationIsVisible = 0;
			defaultConfigurationName = Release;
		};
		910AF2862B0F10B70044111C /* Build configuration list for PBXNativeTarget "HiIOSTmpl" */ = {
			isa = XCConfigurationList;
			buildConfigurations = (
				910AF2872B0F10B70044111C /* Debug */,
				910AF2882B0F10B70044111C /* Release */,
			);
			defaultConfigurationIsVisible = 0;
			defaultConfigurationName = Release;
		};
/* End XCConfigurationList section */
	};
	rootObject = 910AF26A2B0F10B60044111C /* Project object */;
}
